
Microsoft Visual Studio Solution File, Format Version 12.00
# Visual Studio 14
VisualStudioVersion = 14.0.25420.1
MinimumVisualStudioVersion = 10.0.40219.1
Project("{8BC9CEB8-8B4A-11D0-8D11-00A0C91BC942}") = "voilib", "voilib.vcxproj", "{E2D2DCEC-A041-4C93-958D-714CB7A14AC4}"
	ProjectSection(ProjectDependencies) = postProject
		{8B739421-E28C-4FC1-B6ED-26D635617F7B} = {8B739421-E28C-4FC1-B6ED-26D635617F7B}
		{7578C341-1D9F-403B-A61E-72DD45E1312D} = {7578C341-1D9F-403B-A61E-72DD45E1312D}
		{F06D3152-6735-4FB3-8AE8-351DE439833A} = {F06D3152-6735-4FB3-8AE8-351DE439833A}
		{01525D5B-26C8-4544-87BD-436DD69BE271} = {01525D5B-26C8-4544-87BD-436DD69BE271}
		{08692A95-F5E8-4F5B-BB06-D87E4C1C4975} = {08692A95-F5E8-4F5B-BB06-D87E4C1C4975}
		{62F94FCE-9E1D-410C-B16F-C91295D3922B} = {62F94FCE-9E1D-410C-B16F-C91295D3922B}
	EndProjectSection
EndProject
Project("{8BC9CEB8-8B4A-11D0-8D11-00A0C91BC942}") = "utillib", "..\..\..\..\util\cpp\win32\utillib.vcxproj", "{8B739421-E28C-4FC1-B6ED-26D635617F7B}"
EndProject
Project("{8BC9CEB8-8B4A-11D0-8D11-00A0C91BC942}") = "TinyXPath", "..\..\..\..\externals\TinyXPath\win32\TinyXPath.vcxproj", "{62F94FCE-9E1D-410C-B16F-C91295D3922B}"
EndProject
Project("{8BC9CEB8-8B4A-11D0-8D11-00A0C91BC942}") = "C45Lib", "..\..\c45\win32\C45Lib.vcxproj", "{7578C341-1D9F-403B-A61E-72DD45E1312D}"
EndProject
Project("{8BC9CEB8-8B4A-11D0-8D11-00A0C91BC942}") = "lcppdc", "..\..\lcppdc\win32\lcppdc.vcxproj", "{01525D5B-26C8-4544-87BD-436DD69BE271}"
EndProject
Project("{8BC9CEB8-8B4A-11D0-8D11-00A0C91BC942}") = "VoiLauncher", "VoiLauncher.vcxproj", "{F84E72CD-AF20-4016-90A5-7232B4268732}"
EndProject
Project("{8BC9CEB8-8B4A-11D0-8D11-00A0C91BC942}") = "SQLite3", "..\..\..\..\externals\SQLite\win32\SQLite3.vcxproj", "{08692A95-F5E8-4F5B-BB06-D87E4C1C4975}"
EndProject
Project("{8BC9CEB8-8B4A-11D0-8D11-00A0C91BC942}") = "milstd2525lib", "..\..\milstd2525\win32\milstd2525lib.vcxproj", "{F06D3152-6735-4FB3-8AE8-351DE439833A}"
EndProject
Project("{8BC9CEB8-8B4A-11D0-8D11-00A0C91BC942}") = "zlib", "..\..\..\..\externals\zlib\win32\zlib.vcxproj", "{544A0007-9CE2-4A8B-B24D-3AA18924FD15}"
EndProject
Global
	GlobalSection(SolutionConfigurationPlatforms) = preSolution
		Debug|x64 = Debug|x64
		Debug|x86 = Debug|x86
		Installer|x64 = Installer|x64
		Installer|x86 = Installer|x86
		Profiling|x64 = Profiling|x64
		Profiling|x86 = Profiling|x86
		Release 64|x64 = Release 64|x64
		Release 64|x86 = Release 64|x86
		Release|x64 = Release|x64
		Release|x86 = Release|x86
		Static Release|x64 = Static Release|x64
		Static Release|x86 = Static Release|x86
	EndGlobalSection
	GlobalSection(ProjectConfigurationPlatforms) = postSolution
		{E2D2DCEC-A041-4C93-958D-714CB7A14AC4}.Debug|x64.ActiveCfg = Debug|x64
		{E2D2DCEC-A041-4C93-958D-714CB7A14AC4}.Debug|x64.Build.0 = Debug|x64
		{E2D2DCEC-A041-4C93-958D-714CB7A14AC4}.Debug|x86.ActiveCfg = Debug|Win32
		{E2D2DCEC-A041-4C93-958D-714CB7A14AC4}.Debug|x86.Build.0 = Debug|Win32
		{E2D2DCEC-A041-4C93-958D-714CB7A14AC4}.Installer|x64.ActiveCfg = Release|x64
		{E2D2DCEC-A041-4C93-958D-714CB7A14AC4}.Installer|x64.Build.0 = Release|x64
		{E2D2DCEC-A041-4C93-958D-714CB7A14AC4}.Installer|x86.ActiveCfg = Release|Win32
		{E2D2DCEC-A041-4C93-958D-714CB7A14AC4}.Installer|x86.Build.0 = Release|Win32
		{E2D2DCEC-A041-4C93-958D-714CB7A14AC4}.Profiling|x64.ActiveCfg = Release|x64
		{E2D2DCEC-A041-4C93-958D-714CB7A14AC4}.Profiling|x64.Build.0 = Release|x64
		{E2D2DCEC-A041-4C93-958D-714CB7A14AC4}.Profiling|x86.ActiveCfg = Release|Win32
		{E2D2DCEC-A041-4C93-958D-714CB7A14AC4}.Profiling|x86.Build.0 = Release|Win32
		{E2D2DCEC-A041-4C93-958D-714CB7A14AC4}.Release 64|x64.ActiveCfg = Release|x64
		{E2D2DCEC-A041-4C93-958D-714CB7A14AC4}.Release 64|x64.Build.0 = Release|x64
		{E2D2DCEC-A041-4C93-958D-714CB7A14AC4}.Release 64|x86.ActiveCfg = Release|Win32
		{E2D2DCEC-A041-4C93-958D-714CB7A14AC4}.Release 64|x86.Build.0 = Release|Win32
		{E2D2DCEC-A041-4C93-958D-714CB7A14AC4}.Release|x64.ActiveCfg = Release|x64
		{E2D2DCEC-A041-4C93-958D-714CB7A14AC4}.Release|x64.Build.0 = Release|x64
		{E2D2DCEC-A041-4C93-958D-714CB7A14AC4}.Release|x86.ActiveCfg = Release|Win32
		{E2D2DCEC-A041-4C93-958D-714CB7A14AC4}.Release|x86.Build.0 = Release|Win32
		{E2D2DCEC-A041-4C93-958D-714CB7A14AC4}.Static Release|x64.ActiveCfg = Release|x64
		{E2D2DCEC-A041-4C93-958D-714CB7A14AC4}.Static Release|x64.Build.0 = Release|x64
		{E2D2DCEC-A041-4C93-958D-714CB7A14AC4}.Static Release|x86.ActiveCfg = Release|Win32
		{E2D2DCEC-A041-4C93-958D-714CB7A14AC4}.Static Release|x86.Build.0 = Release|Win32
		{8B739421-E28C-4FC1-B6ED-26D635617F7B}.Debug|x64.ActiveCfg = Debug|x64
		{8B739421-E28C-4FC1-B6ED-26D635617F7B}.Debug|x64.Build.0 = Debug|x64
		{8B739421-E28C-4FC1-B6ED-26D635617F7B}.Debug|x86.ActiveCfg = Debug|Win32
		{8B739421-E28C-4FC1-B6ED-26D635617F7B}.Debug|x86.Build.0 = Debug|Win32
		{8B739421-E28C-4FC1-B6ED-26D635617F7B}.Installer|x64.ActiveCfg = Installer|x64
		{8B739421-E28C-4FC1-B6ED-26D635617F7B}.Installer|x64.Build.0 = Installer|x64
		{8B739421-E28C-4FC1-B6ED-26D635617F7B}.Installer|x86.ActiveCfg = Installer|Win32
		{8B739421-E28C-4FC1-B6ED-26D635617F7B}.Installer|x86.Build.0 = Installer|Win32
		{8B739421-E28C-4FC1-B6ED-26D635617F7B}.Profiling|x64.ActiveCfg = Profiling|x64
		{8B739421-E28C-4FC1-B6ED-26D635617F7B}.Profiling|x64.Build.0 = Profiling|x64
		{8B739421-E28C-4FC1-B6ED-26D635617F7B}.Profiling|x86.ActiveCfg = Profiling|Win32
		{8B739421-E28C-4FC1-B6ED-26D635617F7B}.Profiling|x86.Build.0 = Profiling|Win32
		{8B739421-E28C-4FC1-B6ED-26D635617F7B}.Release 64|x64.ActiveCfg = Release 64|Win32
		{8B739421-E28C-4FC1-B6ED-26D635617F7B}.Release 64|x86.ActiveCfg = Release 64|Win32
		{8B739421-E28C-4FC1-B6ED-26D635617F7B}.Release 64|x86.Build.0 = Release 64|Win32
		{8B739421-E28C-4FC1-B6ED-26D635617F7B}.Release|x64.ActiveCfg = Release|x64
		{8B739421-E28C-4FC1-B6ED-26D635617F7B}.Release|x64.Build.0 = Release|x64
		{8B739421-E28C-4FC1-B6ED-26D635617F7B}.Release|x86.ActiveCfg = Release|Win32
		{8B739421-E28C-4FC1-B6ED-26D635617F7B}.Release|x86.Build.0 = Release|Win32
		{8B739421-E28C-4FC1-B6ED-26D635617F7B}.Static Release|x64.ActiveCfg = Static Release|x64
		{8B739421-E28C-4FC1-B6ED-26D635617F7B}.Static Release|x64.Build.0 = Static Release|x64
		{8B739421-E28C-4FC1-B6ED-26D635617F7B}.Static Release|x86.ActiveCfg = Static Release|Win32
		{8B739421-E28C-4FC1-B6ED-26D635617F7B}.Static Release|x86.Build.0 = Static Release|Win32
		{62F94FCE-9E1D-410C-B16F-C91295D3922B}.Debug|x64.ActiveCfg = Debug|x64
		{62F94FCE-9E1D-410C-B16F-C91295D3922B}.Debug|x64.Build.0 = Debug|x64
		{62F94FCE-9E1D-410C-B16F-C91295D3922B}.Debug|x86.ActiveCfg = Debug|Win32
		{62F94FCE-9E1D-410C-B16F-C91295D3922B}.Debug|x86.Build.0 = Debug|Win32
		{62F94FCE-9E1D-410C-B16F-C91295D3922B}.Installer|x64.ActiveCfg = Release|x64
		{62F94FCE-9E1D-410C-B16F-C91295D3922B}.Installer|x64.Build.0 = Release|x64
		{62F94FCE-9E1D-410C-B16F-C91295D3922B}.Installer|x86.ActiveCfg = Release|Win32
		{62F94FCE-9E1D-410C-B16F-C91295D3922B}.Installer|x86.Build.0 = Release|Win32
		{62F94FCE-9E1D-410C-B16F-C91295D3922B}.Profiling|x64.ActiveCfg = Release|x64
		{62F94FCE-9E1D-410C-B16F-C91295D3922B}.Profiling|x64.Build.0 = Release|x64
		{62F94FCE-9E1D-410C-B16F-C91295D3922B}.Profiling|x86.ActiveCfg = Release|Win32
		{62F94FCE-9E1D-410C-B16F-C91295D3922B}.Profiling|x86.Build.0 = Release|Win32
		{62F94FCE-9E1D-410C-B16F-C91295D3922B}.Release 64|x64.ActiveCfg = Release|x64
		{62F94FCE-9E1D-410C-B16F-C91295D3922B}.Release 64|x64.Build.0 = Release|x64
		{62F94FCE-9E1D-410C-B16F-C91295D3922B}.Release 64|x86.ActiveCfg = Release|Win32
		{62F94FCE-9E1D-410C-B16F-C91295D3922B}.Release 64|x86.Build.0 = Release|Win32
		{62F94FCE-9E1D-410C-B16F-C91295D3922B}.Release|x64.ActiveCfg = Release|x64
		{62F94FCE-9E1D-410C-B16F-C91295D3922B}.Release|x64.Build.0 = Release|x64
		{62F94FCE-9E1D-410C-B16F-C91295D3922B}.Release|x86.ActiveCfg = Release|Win32
		{62F94FCE-9E1D-410C-B16F-C91295D3922B}.Release|x86.Build.0 = Release|Win32
		{62F94FCE-9E1D-410C-B16F-C91295D3922B}.Static Release|x64.ActiveCfg = Static Release|x64
		{62F94FCE-9E1D-410C-B16F-C91295D3922B}.Static Release|x64.Build.0 = Static Release|x64
		{62F94FCE-9E1D-410C-B16F-C91295D3922B}.Static Release|x86.ActiveCfg = Static Release|Win32
		{62F94FCE-9E1D-410C-B16F-C91295D3922B}.Static Release|x86.Build.0 = Static Release|Win32
		{7578C341-1D9F-403B-A61E-72DD45E1312D}.Debug|x64.ActiveCfg = Debug|x64
		{7578C341-1D9F-403B-A61E-72DD45E1312D}.Debug|x64.Build.0 = Debug|x64
		{7578C341-1D9F-403B-A61E-72DD45E1312D}.Debug|x86.ActiveCfg = Debug|Win32
		{7578C341-1D9F-403B-A61E-72DD45E1312D}.Debug|x86.Build.0 = Debug|Win32
		{7578C341-1D9F-403B-A61E-72DD45E1312D}.Installer|x64.ActiveCfg = Release|x64
		{7578C341-1D9F-403B-A61E-72DD45E1312D}.Installer|x64.Build.0 = Release|x64
		{7578C341-1D9F-403B-A61E-72DD45E1312D}.Installer|x86.ActiveCfg = Release|Win32
		{7578C341-1D9F-403B-A61E-72DD45E1312D}.Installer|x86.Build.0 = Release|Win32
		{7578C341-1D9F-403B-A61E-72DD45E1312D}.Profiling|x64.ActiveCfg = Release|x64
		{7578C341-1D9F-403B-A61E-72DD45E1312D}.Profiling|x64.Build.0 = Release|x64
		{7578C341-1D9F-403B-A61E-72DD45E1312D}.Profiling|x86.ActiveCfg = Release|Win32
		{7578C341-1D9F-403B-A61E-72DD45E1312D}.Profiling|x86.Build.0 = Release|Win32
		{7578C341-1D9F-403B-A61E-72DD45E1312D}.Release 64|x64.ActiveCfg = Release|x64
		{7578C341-1D9F-403B-A61E-72DD45E1312D}.Release 64|x64.Build.0 = Release|x64
		{7578C341-1D9F-403B-A61E-72DD45E1312D}.Release 64|x86.ActiveCfg = Release|Win32
		{7578C341-1D9F-403B-A61E-72DD45E1312D}.Release 64|x86.Build.0 = Release|Win32
		{7578C341-1D9F-403B-A61E-72DD45E1312D}.Release|x64.ActiveCfg = Release|x64
		{7578C341-1D9F-403B-A61E-72DD45E1312D}.Release|x64.Build.0 = Release|x64
		{7578C341-1D9F-403B-A61E-72DD45E1312D}.Release|x86.ActiveCfg = Release|Win32
		{7578C341-1D9F-403B-A61E-72DD45E1312D}.Release|x86.Build.0 = Release|Win32
		{7578C341-1D9F-403B-A61E-72DD45E1312D}.Static Release|x64.ActiveCfg = Static Release|x64
		{7578C341-1D9F-403B-A61E-72DD45E1312D}.Static Release|x64.Build.0 = Static Release|x64
		{7578C341-1D9F-403B-A61E-72DD45E1312D}.Static Release|x86.ActiveCfg = Static Release|Win32
		{7578C341-1D9F-403B-A61E-72DD45E1312D}.Static Release|x86.Build.0 = Static Release|Win32
		{01525D5B-26C8-4544-87BD-436DD69BE271}.Debug|x64.ActiveCfg = Debug|x64
		{01525D5B-26C8-4544-87BD-436DD69BE271}.Debug|x64.Build.0 = Debug|x64
		{01525D5B-26C8-4544-87BD-436DD69BE271}.Debug|x86.ActiveCfg = Debug|Win32
		{01525D5B-26C8-4544-87BD-436DD69BE271}.Debug|x86.Build.0 = Debug|Win32
		{01525D5B-26C8-4544-87BD-436DD69BE271}.Installer|x64.ActiveCfg = Release|x64
		{01525D5B-26C8-4544-87BD-436DD69BE271}.Installer|x64.Build.0 = Release|x64
		{01525D5B-26C8-4544-87BD-436DD69BE271}.Installer|x86.ActiveCfg = Release|Win32
		{01525D5B-26C8-4544-87BD-436DD69BE271}.Installer|x86.Build.0 = Release|Win32
		{01525D5B-26C8-4544-87BD-436DD69BE271}.Profiling|x64.ActiveCfg = Release|x64
		{01525D5B-26C8-4544-87BD-436DD69BE271}.Profiling|x64.Build.0 = Release|x64
		{01525D5B-26C8-4544-87BD-436DD69BE271}.Profiling|x86.ActiveCfg = Release|Win32
		{01525D5B-26C8-4544-87BD-436DD69BE271}.Profiling|x86.Build.0 = Release|Win32
		{01525D5B-26C8-4544-87BD-436DD69BE271}.Release 64|x64.ActiveCfg = Release|x64
		{01525D5B-26C8-4544-87BD-436DD69BE271}.Release 64|x64.Build.0 = Release|x64
		{01525D5B-26C8-4544-87BD-436DD69BE271}.Release 64|x86.ActiveCfg = Release|Win32
		{01525D5B-26C8-4544-87BD-436DD69BE271}.Release 64|x86.Build.0 = Release|Win32
		{01525D5B-26C8-4544-87BD-436DD69BE271}.Release|x64.ActiveCfg = Release|x64
		{01525D5B-26C8-4544-87BD-436DD69BE271}.Release|x64.Build.0 = Release|x64
		{01525D5B-26C8-4544-87BD-436DD69BE271}.Release|x86.ActiveCfg = Release|Win32
		{01525D5B-26C8-4544-87BD-436DD69BE271}.Release|x86.Build.0 = Release|Win32
		{01525D5B-26C8-4544-87BD-436DD69BE271}.Static Release|x64.ActiveCfg = Static Release|x64
		{01525D5B-26C8-4544-87BD-436DD69BE271}.Static Release|x64.Build.0 = Static Release|x64
		{01525D5B-26C8-4544-87BD-436DD69BE271}.Static Release|x86.ActiveCfg = Static Release|Win32
		{01525D5B-26C8-4544-87BD-436DD69BE271}.Static Release|x86.Build.0 = Static Release|Win32
		{F84E72CD-AF20-4016-90A5-7232B4268732}.Debug|x64.ActiveCfg = Debug|x64
		{F84E72CD-AF20-4016-90A5-7232B4268732}.Debug|x64.Build.0 = Debug|x64
		{F84E72CD-AF20-4016-90A5-7232B4268732}.Debug|x86.ActiveCfg = Debug|Win32
		{F84E72CD-AF20-4016-90A5-7232B4268732}.Debug|x86.Build.0 = Debug|Win32
		{F84E72CD-AF20-4016-90A5-7232B4268732}.Installer|x64.ActiveCfg = Release|x64
		{F84E72CD-AF20-4016-90A5-7232B4268732}.Installer|x64.Build.0 = Release|x64
		{F84E72CD-AF20-4016-90A5-7232B4268732}.Installer|x86.ActiveCfg = Release|Win32
		{F84E72CD-AF20-4016-90A5-7232B4268732}.Installer|x86.Build.0 = Release|Win32
		{F84E72CD-AF20-4016-90A5-7232B4268732}.Profiling|x64.ActiveCfg = Release|x64
		{F84E72CD-AF20-4016-90A5-7232B4268732}.Profiling|x64.Build.0 = Release|x64
		{F84E72CD-AF20-4016-90A5-7232B4268732}.Profiling|x86.ActiveCfg = Release|Win32
		{F84E72CD-AF20-4016-90A5-7232B4268732}.Profiling|x86.Build.0 = Release|Win32
		{F84E72CD-AF20-4016-90A5-7232B4268732}.Release 64|x64.ActiveCfg = Release|x64
		{F84E72CD-AF20-4016-90A5-7232B4268732}.Release 64|x64.Build.0 = Release|x64
		{F84E72CD-AF20-4016-90A5-7232B4268732}.Release 64|x86.ActiveCfg = Release|Win32
		{F84E72CD-AF20-4016-90A5-7232B4268732}.Release 64|x86.Build.0 = Release|Win32
		{F84E72CD-AF20-4016-90A5-7232B4268732}.Release|x64.ActiveCfg = Release|x64
		{F84E72CD-AF20-4016-90A5-7232B4268732}.Release|x64.Build.0 = Release|x64
		{F84E72CD-AF20-4016-90A5-7232B4268732}.Release|x86.ActiveCfg = Release|Win32
		{F84E72CD-AF20-4016-90A5-7232B4268732}.Release|x86.Build.0 = Release|Win32
		{F84E72CD-AF20-4016-90A5-7232B4268732}.Static Release|x64.ActiveCfg = Release|x64
		{F84E72CD-AF20-4016-90A5-7232B4268732}.Static Release|x64.Build.0 = Release|x64
		{F84E72CD-AF20-4016-90A5-7232B4268732}.Static Release|x86.ActiveCfg = Release|Win32
		{F84E72CD-AF20-4016-90A5-7232B4268732}.Static Release|x86.Build.0 = Release|Win32
		{08692A95-F5E8-4F5B-BB06-D87E4C1C4975}.Debug|x64.ActiveCfg = Debug|x64
		{08692A95-F5E8-4F5B-BB06-D87E4C1C4975}.Debug|x64.Build.0 = Debug|x64
		{08692A95-F5E8-4F5B-BB06-D87E4C1C4975}.Debug|x86.ActiveCfg = Debug|Win32
		{08692A95-F5E8-4F5B-BB06-D87E4C1C4975}.Debug|x86.Build.0 = Debug|Win32
		{08692A95-F5E8-4F5B-BB06-D87E4C1C4975}.Installer|x64.ActiveCfg = Release|x64
		{08692A95-F5E8-4F5B-BB06-D87E4C1C4975}.Installer|x64.Build.0 = Release|x64
		{08692A95-F5E8-4F5B-BB06-D87E4C1C4975}.Installer|x86.ActiveCfg = Release|Win32
		{08692A95-F5E8-4F5B-BB06-D87E4C1C4975}.Installer|x86.Build.0 = Release|Win32
		{08692A95-F5E8-4F5B-BB06-D87E4C1C4975}.Profiling|x64.ActiveCfg = Release|x64
		{08692A95-F5E8-4F5B-BB06-D87E4C1C4975}.Profiling|x64.Build.0 = Release|x64
		{08692A95-F5E8-4F5B-BB06-D87E4C1C4975}.Profiling|x86.ActiveCfg = Release|Win32
		{08692A95-F5E8-4F5B-BB06-D87E4C1C4975}.Profiling|x86.Build.0 = Release|Win32
		{08692A95-F5E8-4F5B-BB06-D87E4C1C4975}.Release 64|x64.ActiveCfg = Release|x64
		{08692A95-F5E8-4F5B-BB06-D87E4C1C4975}.Release 64|x64.Build.0 = Release|x64
		{08692A95-F5E8-4F5B-BB06-D87E4C1C4975}.Release 64|x86.ActiveCfg = Release|Win32
		{08692A95-F5E8-4F5B-BB06-D87E4C1C4975}.Release 64|x86.Build.0 = Release|Win32
		{08692A95-F5E8-4F5B-BB06-D87E4C1C4975}.Release|x64.ActiveCfg = Release|x64
		{08692A95-F5E8-4F5B-BB06-D87E4C1C4975}.Release|x64.Build.0 = Release|x64
		{08692A95-F5E8-4F5B-BB06-D87E4C1C4975}.Release|x86.ActiveCfg = Release|Win32
		{08692A95-F5E8-4F5B-BB06-D87E4C1C4975}.Release|x86.Build.0 = Release|Win32
		{08692A95-F5E8-4F5B-BB06-D87E4C1C4975}.Static Release|x64.ActiveCfg = Static Release|x64
		{08692A95-F5E8-4F5B-BB06-D87E4C1C4975}.Static Release|x64.Build.0 = Static Release|x64
		{08692A95-F5E8-4F5B-BB06-D87E4C1C4975}.Static Release|x86.ActiveCfg = Static Release|Win32
		{08692A95-F5E8-4F5B-BB06-D87E4C1C4975}.Static Release|x86.Build.0 = Static Release|Win32
		{F06D3152-6735-4FB3-8AE8-351DE439833A}.Debug|x64.ActiveCfg = Debug|x64
		{F06D3152-6735-4FB3-8AE8-351DE439833A}.Debug|x64.Build.0 = Debug|x64
		{F06D3152-6735-4FB3-8AE8-351DE439833A}.Debug|x86.ActiveCfg = Debug|Win32
		{F06D3152-6735-4FB3-8AE8-351DE439833A}.Debug|x86.Build.0 = Debug|Win32
		{F06D3152-6735-4FB3-8AE8-351DE439833A}.Installer|x64.ActiveCfg = Release|x64
		{F06D3152-6735-4FB3-8AE8-351DE439833A}.Installer|x64.Build.0 = Release|x64
		{F06D3152-6735-4FB3-8AE8-351DE439833A}.Installer|x86.ActiveCfg = Release|Win32
		{F06D3152-6735-4FB3-8AE8-351DE439833A}.Installer|x86.Build.0 = Release|Win32
		{F06D3152-6735-4FB3-8AE8-351DE439833A}.Profiling|x64.ActiveCfg = Release|x64
		{F06D3152-6735-4FB3-8AE8-351DE439833A}.Profiling|x64.Build.0 = Release|x64
		{F06D3152-6735-4FB3-8AE8-351DE439833A}.Profiling|x86.ActiveCfg = Release|Win32
		{F06D3152-6735-4FB3-8AE8-351DE439833A}.Profiling|x86.Build.0 = Release|Win32
		{F06D3152-6735-4FB3-8AE8-351DE439833A}.Release 64|x64.ActiveCfg = Release|x64
		{F06D3152-6735-4FB3-8AE8-351DE439833A}.Release 64|x64.Build.0 = Release|x64
		{F06D3152-6735-4FB3-8AE8-351DE439833A}.Release 64|x86.ActiveCfg = Release|Win32
		{F06D3152-6735-4FB3-8AE8-351DE439833A}.Release 64|x86.Build.0 = Release|Win32
		{F06D3152-6735-4FB3-8AE8-351DE439833A}.Release|x64.ActiveCfg = Release|x64
		{F06D3152-6735-4FB3-8AE8-351DE439833A}.Release|x64.Build.0 = Release|x64
		{F06D3152-6735-4FB3-8AE8-351DE439833A}.Release|x86.ActiveCfg = Release|Win32
		{F06D3152-6735-4FB3-8AE8-351DE439833A}.Release|x86.Build.0 = Release|Win32
		{F06D3152-6735-4FB3-8AE8-351DE439833A}.Static Release|x64.ActiveCfg = Static Release|x64
		{F06D3152-6735-4FB3-8AE8-351DE439833A}.Static Release|x64.Build.0 = Static Release|x64
		{F06D3152-6735-4FB3-8AE8-351DE439833A}.Static Release|x86.ActiveCfg = Static Release|Win32
		{F06D3152-6735-4FB3-8AE8-351DE439833A}.Static Release|x86.Build.0 = Static Release|Win32
		{544A0007-9CE2-4A8B-B24D-3AA18924FD15}.Debug|x64.ActiveCfg = Debug|x64
		{544A0007-9CE2-4A8B-B24D-3AA18924FD15}.Debug|x64.Build.0 = Debug|x64
		{544A0007-9CE2-4A8B-B24D-3AA18924FD15}.Debug|x86.ActiveCfg = Debug|Win32
		{544A0007-9CE2-4A8B-B24D-3AA18924FD15}.Debug|x86.Build.0 = Debug|Win32
		{544A0007-9CE2-4A8B-B24D-3AA18924FD15}.Installer|x64.ActiveCfg = Release|x64
		{544A0007-9CE2-4A8B-B24D-3AA18924FD15}.Installer|x64.Build.0 = Release|x64
		{544A0007-9CE2-4A8B-B24D-3AA18924FD15}.Installer|x86.ActiveCfg = Release|Win32
		{544A0007-9CE2-4A8B-B24D-3AA18924FD15}.Installer|x86.Build.0 = Release|Win32
		{544A0007-9CE2-4A8B-B24D-3AA18924FD15}.Profiling|x64.ActiveCfg = Release|x64
		{544A0007-9CE2-4A8B-B24D-3AA18924FD15}.Profiling|x64.Build.0 = Release|x64
		{544A0007-9CE2-4A8B-B24D-3AA18924FD15}.Profiling|x86.ActiveCfg = Release|Win32
		{544A0007-9CE2-4A8B-B24D-3AA18924FD15}.Profiling|x86.Build.0 = Release|Win32
		{544A0007-9CE2-4A8B-B24D-3AA18924FD15}.Release 64|x64.ActiveCfg = Release|x64
		{544A0007-9CE2-4A8B-B24D-3AA18924FD15}.Release 64|x64.Build.0 = Release|x64
		{544A0007-9CE2-4A8B-B24D-3AA18924FD15}.Release 64|x86.ActiveCfg = Release|Win32
		{544A0007-9CE2-4A8B-B24D-3AA18924FD15}.Release 64|x86.Build.0 = Release|Win32
		{544A0007-9CE2-4A8B-B24D-3AA18924FD15}.Release|x64.ActiveCfg = Release|x64
		{544A0007-9CE2-4A8B-B24D-3AA18924FD15}.Release|x64.Build.0 = Release|x64
		{544A0007-9CE2-4A8B-B24D-3AA18924FD15}.Release|x86.ActiveCfg = Release|Win32
		{544A0007-9CE2-4A8B-B24D-3AA18924FD15}.Release|x86.Build.0 = Release|Win32
		{544A0007-9CE2-4A8B-B24D-3AA18924FD15}.Static Release|x64.ActiveCfg = Static Release|x64
		{544A0007-9CE2-4A8B-B24D-3AA18924FD15}.Static Release|x64.Build.0 = Static Release|x64
		{544A0007-9CE2-4A8B-B24D-3AA18924FD15}.Static Release|x86.ActiveCfg = Static Release|Win32
		{544A0007-9CE2-4A8B-B24D-3AA18924FD15}.Static Release|x86.Build.0 = Static Release|Win32
	EndGlobalSection
	GlobalSection(SolutionProperties) = preSolution
		HideSolutionNode = FALSE
	EndGlobalSection
EndGlobal
