<?xml version="1.0" encoding="utf-8"?>
<Project ToolsVersion="4.0" xmlns="http://schemas.microsoft.com/developer/msbuild/2003">
  <ItemGroup>
    <Filter Include="Source Files">
      <UniqueIdentifier>{4FC737F1-C7A5-4376-A066-2A32D752A2FF}</UniqueIdentifier>
      <Extensions>cpp;c;cc;cxx;def;odl;idl;hpj;bat;asm;asmx</Extensions>
    </Filter>
    <Filter Include="Header Files">
      <UniqueIdentifier>{93995380-89BD-4b04-88EB-625FBE52EBFB}</UniqueIdentifier>
      <Extensions>h;hh;hpp;hxx;hm;inl;inc;xsd</Extensions>
    </Filter>
    <Filter Include="Resource Files">
      <UniqueIdentifier>{67DA6AB6-F800-4c08-8B7A-83BB121AAD01}</UniqueIdentifier>
      <Extensions>rc;ico;cur;bmp;dlg;rc2;rct;bin;rgs;gif;jpg;jpeg;jpe;resx;tiff;tif;png;wav;mfcribbon-ms</Extensions>
    </Filter>
    <Filter Include="Header Files\core">
      <UniqueIdentifier>{54bc498f-0d7e-4f0a-89e5-1f76069833d0}</UniqueIdentifier>
    </Filter>
    <Filter Include="Source Files\core">
      <UniqueIdentifier>{f334ee36-35b0-464d-82c2-b5c9529414cf}</UniqueIdentifier>
    </Filter>
    <Filter Include="Source Files\ctxt">
      <UniqueIdentifier>{421afb9b-2e6c-4a50-804d-141483e33921}</UniqueIdentifier>
    </Filter>
    <Filter Include="Header Files\ctxt">
      <UniqueIdentifier>{19f527fd-8b47-463f-930d-a0b29799cd7e}</UniqueIdentifier>
    </Filter>
    <Filter Include="Header Files\util">
      <UniqueIdentifier>{c09fe87a-e052-4400-ba62-51caca58a8f0}</UniqueIdentifier>
    </Filter>
    <Filter Include="Source Files\util">
      <UniqueIdentifier>{3d49ec62-44de-4386-923b-2360b540f9c5}</UniqueIdentifier>
    </Filter>
  </ItemGroup>
  <ItemGroup>
    <ClInclude Include="..\MetadataInterface.h">
      <Filter>Header Files</Filter>
    </ClInclude>
    <ClInclude Include="..\Rank.h">
      <Filter>Header Files</Filter>
    </ClInclude>
    <ClInclude Include="..\MetaDataRanker.h">
      <Filter>Header Files</Filter>
    </ClInclude>
    <ClInclude Include="..\MetadataRankerConfiguration.h">
      <Filter>Header Files</Filter>
    </ClInclude>
    <ClInclude Include="..\MetadataConfiguration.h">
      <Filter>Header Files</Filter>
    </ClInclude>
    <ClInclude Include="..\CustomPolicy.h">
      <Filter>Header Files</Filter>
    </ClInclude>
    <ClInclude Include="..\MetadataRankerLocalConfiguration.h">
      <Filter>Header Files</Filter>
    </ClInclude>
    <ClInclude Include="..\core\Match.h">
      <Filter>Header Files\core</Filter>
    </ClInclude>
    <ClInclude Include="..\core\MatchMakingFilters.h">
      <Filter>Header Files\core</Filter>
    </ClInclude>
    <ClInclude Include="..\core\MatchMakingPolicies.h">
      <Filter>Header Files\core</Filter>
    </ClInclude>
    <ClInclude Include="..\ctxt\Path.h">
      <Filter>Header Files\ctxt</Filter>
    </ClInclude>
    <ClInclude Include="..\ctxt\Pedigree.h">
      <Filter>Header Files\ctxt</Filter>
    </ClInclude>
    <ClInclude Include="..\util\BoundingBox.h">
      <Filter>Header Files\util</Filter>
    </ClInclude>
    <ClInclude Include="..\util\C45Utils.h">
      <Filter>Header Files\util</Filter>
    </ClInclude>
    <ClInclude Include="..\util\NodeIdSet.h">
      <Filter>Header Files\util</Filter>
    </ClInclude>
    <ClInclude Include="..\util\RankByTargetMap.h">
      <Filter>Header Files\util</Filter>
    </ClInclude>
    <ClInclude Include="..\util\RankFactory.h">
      <Filter>Header Files\util</Filter>
    </ClInclude>
    <ClInclude Include="..\util\VoiDefs.h">
      <Filter>Header Files\util</Filter>
    </ClInclude>
    <ClInclude Include="..\NodeContext.h">
      <Filter>Header Files</Filter>
    </ClInclude>
    <ClInclude Include="..\NodePath.h">
      <Filter>Header Files</Filter>
    </ClInclude>
    <ClInclude Include="..\core\Comparator.h">
      <Filter>Header Files\core</Filter>
    </ClInclude>
    <ClInclude Include="..\InformationObject.h">
      <Filter>Header Files</Filter>
    </ClInclude>
    <ClInclude Include="..\Voi.h">
      <Filter>Header Files</Filter>
    </ClInclude>
    <ClInclude Include="..\core\VoiImpl.h">
      <Filter>Header Files\core</Filter>
    </ClInclude>
    <ClInclude Include="..\core\Cache.h">
      <Filter>Header Files\core</Filter>
    </ClInclude>
    <ClInclude Include="..\core\MetadataImpl.h">
      <Filter>Header Files\core</Filter>
    </ClInclude>
    <ClInclude Include="..\Score.h">
      <Filter>Header Files</Filter>
    </ClInclude>
    <ClInclude Include="..\ctxt\AreaOfInterest.h">
      <Filter>Header Files\ctxt</Filter>
    </ClInclude>
  </ItemGroup>
  <ItemGroup>
    <ClCompile Include="..\MetadataInterface.cpp">
      <Filter>Source Files</Filter>
    </ClCompile>
    <ClCompile Include="..\Rank.cpp">
      <Filter>Source Files</Filter>
    </ClCompile>
    <ClCompile Include="..\MetaDataRanker.cpp">
      <Filter>Source Files</Filter>
    </ClCompile>
    <ClCompile Include="..\MetadataRankerConfiguration.cpp">
      <Filter>Source Files</Filter>
    </ClCompile>
    <ClCompile Include="..\MetadataRankerLocalConfiguration.cpp">
      <Filter>Source Files</Filter>
    </ClCompile>
    <ClCompile Include="..\core\Match.cpp">
      <Filter>Source Files\core</Filter>
    </ClCompile>
    <ClCompile Include="..\core\MatchMakingFilters.cpp">
      <Filter>Source Files\core</Filter>
    </ClCompile>
    <ClCompile Include="..\core\MatchMakingPolicies.cpp">
      <Filter>Source Files\core</Filter>
    </ClCompile>
    <ClCompile Include="..\ctxt\Path.cpp">
      <Filter>Source Files\ctxt</Filter>
    </ClCompile>
    <ClCompile Include="..\ctxt\Pedigree.cpp">
      <Filter>Source Files\ctxt</Filter>
    </ClCompile>
    <ClCompile Include="..\util\BoundingBox.cpp">
      <Filter>Source Files\util</Filter>
    </ClCompile>
    <ClCompile Include="..\util\C45Utils.cpp">
      <Filter>Source Files\util</Filter>
    </ClCompile>
    <ClCompile Include="..\util\NodeIdSet.cpp">
      <Filter>Source Files\util</Filter>
    </ClCompile>
    <ClCompile Include="..\util\RankByTargetMap.cpp">
      <Filter>Source Files\util</Filter>
    </ClCompile>
    <ClCompile Include="..\util\RankFactory.cpp">
      <Filter>Source Files\util</Filter>
    </ClCompile>
    <ClCompile Include="..\NodeContext.cpp">
      <Filter>Source Files</Filter>
    </ClCompile>
    <ClCompile Include="..\NodePath.cpp">
      <Filter>Source Files</Filter>
    </ClCompile>
    <ClCompile Include="..\InformationObject.cpp">
      <Filter>Source Files</Filter>
    </ClCompile>
    <ClCompile Include="..\Voi.cpp">
      <Filter>Source Files</Filter>
    </ClCompile>
    <ClCompile Include="..\core\VoiImpl.cpp">
      <Filter>Source Files\core</Filter>
    </ClCompile>
    <ClCompile Include="..\core\Cache.cpp">
      <Filter>Source Files\core</Filter>
    </ClCompile>
    <ClCompile Include="..\core\MetadataImpl.cpp">
      <Filter>Source Files\core</Filter>
    </ClCompile>
    <ClCompile Include="..\core\Comparator.cpp">
      <Filter>Source Files\core</Filter>
    </ClCompile>
    <ClCompile Include="..\Score.cpp">
      <Filter>Source Files</Filter>
    </ClCompile>
    <ClCompile Include="..\ctxt\AreaOfInterest.cpp">
      <Filter>Source Files\ctxt</Filter>
    </ClCompile>
  </ItemGroup>
</Project>