
Microsoft Visual Studio Solution File, Format Version 12.00
# Visual Studio 2013
VisualStudioVersion = 12.0.30501.0
MinimumVisualStudioVersion = 10.0.40219.1
Project("{8BC9CEB8-8B4A-11D0-8D11-00A0C91BC942}") = "milstd2525lib", "milstd2525lib.vcxproj", "{F06D3152-6735-4FB3-8AE8-351DE439833A}"
	ProjectSection(ProjectDependencies) = postProject
		{8B739421-E28C-4FC1-B6ED-26D635617F7B} = {8B739421-E28C-4FC1-B6ED-26D635617F7B}
	EndProjectSection
EndProject
Project("{8BC9CEB8-8B4A-11D0-8D11-00A0C91BC942}") = "utillib", "..\..\..\..\util\cpp\win32\utillib.vcxproj", "{8B739421-E28C-4FC1-B6ED-26D635617F7B}"
EndProject
Project("{8BC9CEB8-8B4A-11D0-8D11-00A0C91BC942}") = "milstd2525Validator", "milstd2525Validator.vcxproj", "{EBAA3C90-7563-4B0C-A8C5-228B04BDAB7B}"
EndProject
Global
	GlobalSection(SolutionConfigurationPlatforms) = preSolution
		Debug|Win32 = Debug|Win32
		Debug|x64 = Debug|x64
		Installer|Win32 = Installer|Win32
		Installer|x64 = Installer|x64
		Profiling|Win32 = Profiling|Win32
		Profiling|x64 = Profiling|x64
		Release 64|Win32 = Release 64|Win32
		Release 64|x64 = Release 64|x64
		Release|Win32 = Release|Win32
		Release|x64 = Release|x64
		Static Release|Win32 = Static Release|Win32
		Static Release|x64 = Static Release|x64
	EndGlobalSection
	GlobalSection(ProjectConfigurationPlatforms) = postSolution
		{F06D3152-6735-4FB3-8AE8-351DE439833A}.Debug|Win32.ActiveCfg = Debug|Win32
		{F06D3152-6735-4FB3-8AE8-351DE439833A}.Debug|Win32.Build.0 = Debug|Win32
		{F06D3152-6735-4FB3-8AE8-351DE439833A}.Debug|x64.ActiveCfg = Debug|x64
		{F06D3152-6735-4FB3-8AE8-351DE439833A}.Installer|Win32.ActiveCfg = Release|Win32
		{F06D3152-6735-4FB3-8AE8-351DE439833A}.Installer|Win32.Build.0 = Release|Win32
		{F06D3152-6735-4FB3-8AE8-351DE439833A}.Installer|x64.ActiveCfg = Release|Win32
		{F06D3152-6735-4FB3-8AE8-351DE439833A}.Profiling|Win32.ActiveCfg = Release|Win32
		{F06D3152-6735-4FB3-8AE8-351DE439833A}.Profiling|Win32.Build.0 = Release|Win32
		{F06D3152-6735-4FB3-8AE8-351DE439833A}.Profiling|x64.ActiveCfg = Release|Win32
		{F06D3152-6735-4FB3-8AE8-351DE439833A}.Release 64|Win32.ActiveCfg = Release|Win32
		{F06D3152-6735-4FB3-8AE8-351DE439833A}.Release 64|Win32.Build.0 = Release|Win32
		{F06D3152-6735-4FB3-8AE8-351DE439833A}.Release 64|x64.ActiveCfg = Release|Win32
		{F06D3152-6735-4FB3-8AE8-351DE439833A}.Release|Win32.ActiveCfg = Release|Win32
		{F06D3152-6735-4FB3-8AE8-351DE439833A}.Release|Win32.Build.0 = Release|Win32
		{F06D3152-6735-4FB3-8AE8-351DE439833A}.Release|x64.ActiveCfg = Release|x64
		{F06D3152-6735-4FB3-8AE8-351DE439833A}.Static Release|Win32.ActiveCfg = Release|Win32
		{F06D3152-6735-4FB3-8AE8-351DE439833A}.Static Release|Win32.Build.0 = Release|Win32
		{F06D3152-6735-4FB3-8AE8-351DE439833A}.Static Release|x64.ActiveCfg = Release|Win32
		{8B739421-E28C-4FC1-B6ED-26D635617F7B}.Debug|Win32.ActiveCfg = Debug|Win32
		{8B739421-E28C-4FC1-B6ED-26D635617F7B}.Debug|Win32.Build.0 = Debug|Win32
		{8B739421-E28C-4FC1-B6ED-26D635617F7B}.Debug|x64.ActiveCfg = Debug|x64
		{8B739421-E28C-4FC1-B6ED-26D635617F7B}.Debug|x64.Build.0 = Debug|x64
		{8B739421-E28C-4FC1-B6ED-26D635617F7B}.Installer|Win32.ActiveCfg = Installer|Win32
		{8B739421-E28C-4FC1-B6ED-26D635617F7B}.Installer|Win32.Build.0 = Installer|Win32
		{8B739421-E28C-4FC1-B6ED-26D635617F7B}.Installer|x64.ActiveCfg = Installer|x64
		{8B739421-E28C-4FC1-B6ED-26D635617F7B}.Installer|x64.Build.0 = Installer|x64
		{8B739421-E28C-4FC1-B6ED-26D635617F7B}.Profiling|Win32.ActiveCfg = Profiling|Win32
		{8B739421-E28C-4FC1-B6ED-26D635617F7B}.Profiling|Win32.Build.0 = Profiling|Win32
		{8B739421-E28C-4FC1-B6ED-26D635617F7B}.Profiling|x64.ActiveCfg = Profiling|x64
		{8B739421-E28C-4FC1-B6ED-26D635617F7B}.Profiling|x64.Build.0 = Profiling|x64
		{8B739421-E28C-4FC1-B6ED-26D635617F7B}.Release 64|Win32.ActiveCfg = Release 64|Win32
		{8B739421-E28C-4FC1-B6ED-26D635617F7B}.Release 64|Win32.Build.0 = Release 64|Win32
		{8B739421-E28C-4FC1-B6ED-26D635617F7B}.Release 64|x64.ActiveCfg = Release 64|Win32
		{8B739421-E28C-4FC1-B6ED-26D635617F7B}.Release|Win32.ActiveCfg = Release|Win32
		{8B739421-E28C-4FC1-B6ED-26D635617F7B}.Release|Win32.Build.0 = Release|Win32
		{8B739421-E28C-4FC1-B6ED-26D635617F7B}.Release|x64.ActiveCfg = Release|x64
		{8B739421-E28C-4FC1-B6ED-26D635617F7B}.Release|x64.Build.0 = Release|x64
		{8B739421-E28C-4FC1-B6ED-26D635617F7B}.Static Release|Win32.ActiveCfg = Static Release|Win32
		{8B739421-E28C-4FC1-B6ED-26D635617F7B}.Static Release|Win32.Build.0 = Static Release|Win32
		{8B739421-E28C-4FC1-B6ED-26D635617F7B}.Static Release|x64.ActiveCfg = Static Release|x64
		{8B739421-E28C-4FC1-B6ED-26D635617F7B}.Static Release|x64.Build.0 = Static Release|x64
		{EBAA3C90-7563-4B0C-A8C5-228B04BDAB7B}.Debug|Win32.ActiveCfg = Debug|Win32
		{EBAA3C90-7563-4B0C-A8C5-228B04BDAB7B}.Debug|Win32.Build.0 = Debug|Win32
		{EBAA3C90-7563-4B0C-A8C5-228B04BDAB7B}.Debug|x64.ActiveCfg = Debug|x64
		{EBAA3C90-7563-4B0C-A8C5-228B04BDAB7B}.Installer|Win32.ActiveCfg = Release|Win32
		{EBAA3C90-7563-4B0C-A8C5-228B04BDAB7B}.Installer|Win32.Build.0 = Release|Win32
		{EBAA3C90-7563-4B0C-A8C5-228B04BDAB7B}.Installer|x64.ActiveCfg = Release|Win32
		{EBAA3C90-7563-4B0C-A8C5-228B04BDAB7B}.Profiling|Win32.ActiveCfg = Release|Win32
		{EBAA3C90-7563-4B0C-A8C5-228B04BDAB7B}.Profiling|Win32.Build.0 = Release|Win32
		{EBAA3C90-7563-4B0C-A8C5-228B04BDAB7B}.Profiling|x64.ActiveCfg = Release|Win32
		{EBAA3C90-7563-4B0C-A8C5-228B04BDAB7B}.Release 64|Win32.ActiveCfg = Release|Win32
		{EBAA3C90-7563-4B0C-A8C5-228B04BDAB7B}.Release 64|Win32.Build.0 = Release|Win32
		{EBAA3C90-7563-4B0C-A8C5-228B04BDAB7B}.Release 64|x64.ActiveCfg = Release|Win32
		{EBAA3C90-7563-4B0C-A8C5-228B04BDAB7B}.Release|Win32.ActiveCfg = Release|Win32
		{EBAA3C90-7563-4B0C-A8C5-228B04BDAB7B}.Release|Win32.Build.0 = Release|Win32
		{EBAA3C90-7563-4B0C-A8C5-228B04BDAB7B}.Release|x64.ActiveCfg = Release|x64
		{EBAA3C90-7563-4B0C-A8C5-228B04BDAB7B}.Static Release|Win32.ActiveCfg = Release|Win32
		{EBAA3C90-7563-4B0C-A8C5-228B04BDAB7B}.Static Release|Win32.Build.0 = Release|Win32
		{EBAA3C90-7563-4B0C-A8C5-228B04BDAB7B}.Static Release|x64.ActiveCfg = Release|Win32
	EndGlobalSection
	GlobalSection(SolutionProperties) = preSolution
		HideSolutionNode = FALSE
	EndGlobalSection
EndGlobal
