<?xml version="1.0" encoding="utf-8"?>
<Project ToolsVersion="4.0" xmlns="http://schemas.microsoft.com/developer/msbuild/2003">
  <ItemGroup>
    <Filter Include="Source Files">
      <UniqueIdentifier>{4FC737F1-C7A5-4376-A066-2A32D752A2FF}</UniqueIdentifier>
      <Extensions>cpp;c;cc;cxx;def;odl;idl;hpj;bat;asm;asmx</Extensions>
    </Filter>
    <Filter Include="Header Files">
      <UniqueIdentifier>{93995380-89BD-4b04-88EB-625FBE52EBFB}</UniqueIdentifier>
      <Extensions>h;hpp;hxx;hm;inl;inc;xsd</Extensions>
    </Filter>
    <Filter Include="Resource Files">
      <UniqueIdentifier>{67DA6AB6-F800-4c08-8B7A-83BB121AAD01}</UniqueIdentifier>
      <Extensions>rc;ico;cur;bmp;dlg;rc2;rct;bin;rgs;gif;jpg;jpeg;jpe;resx;tiff;tif;png;wav;mfcribbon-ms</Extensions>
    </Filter>
  </ItemGroup>
  <ItemGroup>
    <ClCompile Include="..\BMPImage.cpp">
      <Filter>Source Files</Filter>
    </ClCompile>
    <ClCompile Include="..\FFMPEGReader.cpp">
      <Filter>Source Files</Filter>
    </ClCompile>
    <ClCompile Include="..\FFMPEGUtil.cpp">
      <Filter>Source Files</Filter>
    </ClCompile>
    <ClCompile Include="..\FFMPEGWriter.cpp">
      <Filter>Source Files</Filter>
    </ClCompile>
    <ClCompile Include="..\PPMImage.cpp">
      <Filter>Source Files</Filter>
    </ClCompile>
    <ClCompile Include="..\RGBImage.cpp">
      <Filter>Source Files</Filter>
    </ClCompile>
    <ClCompile Include="..\MPEG1Parser.cpp">
      <Filter>Source Files</Filter>
    </ClCompile>
    <ClCompile Include="..\MPEGElements.cpp">
      <Filter>Source Files</Filter>
    </ClCompile>
  </ItemGroup>
  <ItemGroup>
    <ClInclude Include="..\BMPImage.h">
      <Filter>Header Files</Filter>
    </ClInclude>
    <ClInclude Include="..\FFMPEGReader.h">
      <Filter>Header Files</Filter>
    </ClInclude>
    <ClInclude Include="..\FFMPEGUtil.h">
      <Filter>Header Files</Filter>
    </ClInclude>
    <ClInclude Include="..\FFMPEGWriter.h">
      <Filter>Header Files</Filter>
    </ClInclude>
    <ClInclude Include="..\PPMImage.h">
      <Filter>Header Files</Filter>
    </ClInclude>
    <ClInclude Include="..\RGBImage.h">
      <Filter>Header Files</Filter>
    </ClInclude>
    <ClInclude Include="..\MPEG1Parser.h">
      <Filter>Header Files</Filter>
    </ClInclude>
    <ClInclude Include="..\MPEGElements.h">
      <Filter>Header Files</Filter>
    </ClInclude>
  </ItemGroup>
</Project>