
Microsoft Visual Studio Solution File, Format Version 12.00
# Visual Studio 14
VisualStudioVersion = 14.0.25420.1
MinimumVisualStudioVersion = 10.0.40219.1
Project("{2150E333-8FDC-42A3-9474-1A3956D46DE8}") = "Solution Items", "Solution Items", "{45DD982C-E325-4CCA-AD1E-9CC0809CE7FE}"
	ProjectSection(SolutionItems) = preProject
		core\ccomm\capability\AddressCapabilities.xsd = core\ccomm\capability\AddressCapabilities.xsd
		model\commands\AddressedCommand.xsd = model\commands\AddressedCommand.xsd
		model\commands\AddressedResponse.xsd = model\commands\AddressedResponse.xsd
		core\asset\capability\AssetCapabilities.xsd = core\asset\capability\AssetCapabilities.xsd
		core\observation\types\Audio.xsd = core\observation\types\Audio.xsd
		core\types\audio\AudioTypes.xsd = core\types\audio\AudioTypes.xsd
		core\capability\BaseCapabilities.xsd = core\capability\BaseCapabilities.xsd
		core\asset\commands\BaseTypes.xsd = core\asset\commands\BaseTypes.xsd
		core\observation\types\Biological.xsd = core\observation\types\Biological.xsd
		core\types\biological\BiologicalTypes.xsd = core\types\biological\BiologicalTypes.xsd
		core\asset\commands\CaptureImageCommand.xsd = core\asset\commands\CaptureImageCommand.xsd
		core\asset\commands\CaptureImageResponse.xsd = core\asset\commands\CaptureImageResponse.xsd
		core\observation\types\CbrneTrigger.xsd = core\observation\types\CbrneTrigger.xsd
		core\types\cbrnetrigger\CbrneTriggerTypes.xsd = core\types\cbrnetrigger\CbrneTriggerTypes.xsd
		core\observation\types\Chemical.xsd = core\observation\types\Chemical.xsd
		core\types\chemical\ChemicalTypes.xsd = core\types\chemical\ChemicalTypes.xsd
		core\types\command\CommandTypes.xsd = core\types\command\CommandTypes.xsd
		model\config\Configurations.xsd = model\config\Configurations.xsd
		core\asset\commands\ConfigureProfileCommand.xsd = core\asset\commands\ConfigureProfileCommand.xsd
		core\asset\commands\ConfigureProfileResponse.xsd = core\asset\commands\ConfigureProfileResponse.xsd
		core\controller\capability\ControllerCapabilities.xsd = core\controller\capability\ControllerCapabilities.xsd
		core\asset\commands\CreateActionListCommand.xsd = core\asset\commands\CreateActionListCommand.xsd
		core\asset\commands\CreateActionListResponse.xsd = core\asset\commands\CreateActionListResponse.xsd
		core\types\ccomm\CustomCommTypes.xsd = core\types\ccomm\CustomCommTypes.xsd
		core\observation\types\Detection.xsd = core\observation\types\Detection.xsd
		core\types\detection\DetectionTypes.xsd = core\types\detection\DetectionTypes.xsd
		core\asset\commands\DetectTargetCommand.xsd = core\asset\commands\DetectTargetCommand.xsd
		core\asset\commands\DetectTargetResponse.xsd = core\asset\commands\DetectTargetResponse.xsd
		core\asset\commands\GetCameraSettingsCommand.xsd = core\asset\commands\GetCameraSettingsCommand.xsd
		core\asset\commands\GetCameraSettingsResponse.xsd = core\asset\commands\GetCameraSettingsResponse.xsd
		core\asset\commands\GetLiftCommand.xsd = core\asset\commands\GetLiftCommand.xsd
		core\asset\commands\GetLiftResponse.xsd = core\asset\commands\GetLiftResponse.xsd
		core\asset\commands\GetModeCommand.xsd = core\asset\commands\GetModeCommand.xsd
		core\asset\commands\GetModeResponse.xsd = core\asset\commands\GetModeResponse.xsd
		core\asset\commands\GetPanTiltCommand.xsd = core\asset\commands\GetPanTiltCommand.xsd
		core\asset\commands\GetPanTiltResponse.xsd = core\asset\commands\GetPanTiltResponse.xsd
		core\asset\commands\GetPointingLocationCommand.xsd = core\asset\commands\GetPointingLocationCommand.xsd
		core\asset\commands\GetPointingLocationResponse.xsd = core\asset\commands\GetPointingLocationResponse.xsd
		core\asset\commands\GetPositionCommand.xsd = core\asset\commands\GetPositionCommand.xsd
		core\asset\commands\GetPositionResponse.xsd = core\asset\commands\GetPositionResponse.xsd
		core\asset\commands\GetProfilesCommand.xsd = core\asset\commands\GetProfilesCommand.xsd
		core\asset\commands\GetProfilesResponse.xsd = core\asset\commands\GetProfilesResponse.xsd
		core\asset\commands\GetTuneSettingsCommand.xsd = core\asset\commands\GetTuneSettingsCommand.xsd
		core\asset\commands\GetTuneSettingsResponse.xsd = core\asset\commands\GetTuneSettingsResponse.xsd
		core\asset\commands\GetVersionCommand.xsd = core\asset\commands\GetVersionCommand.xsd
		core\asset\commands\GetVersionResponse.xsd = core\asset\commands\GetVersionResponse.xsd
		core\observation\types\Image.xsd = core\observation\types\Image.xsd
		core\types\image\ImageTypes.xsd = core\types\image\ImageTypes.xsd
		model\inventory\InventoryItem.xsd = model\inventory\InventoryItem.xsd
		core\ccomm\link\capability\LinkLayerCapabilities.xsd = core\ccomm\link\capability\LinkLayerCapabilities.xsd
		core\asset\commands\MasterCommands.xsd = core\asset\commands\MasterCommands.xsd
		core\asset\commands\MasterResponses.xsd = core\asset\commands\MasterResponses.xsd
		core\mp\model\MissionBaseType.xsd = core\mp\model\MissionBaseType.xsd
		core\mp\model\MissionProgramParameters.xsd = core\mp\model\MissionProgramParameters.xsd
		core\mp\model\MissionProgramTemplate.xsd = core\mp\model\MissionProgramTemplate.xsd
		core\observation\types\Observation.xsd = core\observation\types\Observation.xsd
		core\types\observation\ObservationTypes.xsd = core\types\observation\ObservationTypes.xsd
		core\ccomm\physical\capability\PhysicalLinkCapabilities.xsd = core\ccomm\physical\capability\PhysicalLinkCapabilities.xsd
		core\asset\commands\proposed_SetScheduleCommand.xsd = core\asset\commands\proposed_SetScheduleCommand.xsd
		core\types\remote\RemoteTypes.xsd = core\types\remote\RemoteTypes.xsd
		core\asset\commands\SetCameraSettingsCommand.xsd = core\asset\commands\SetCameraSettingsCommand.xsd
		core\asset\commands\SetCameraSettingsResponse.xsd = core\asset\commands\SetCameraSettingsResponse.xsd
		core\asset\commands\SetLiftCommand.xsd = core\asset\commands\SetLiftCommand.xsd
		core\asset\commands\SetLiftResponse.xsd = core\asset\commands\SetLiftResponse.xsd
		core\asset\commands\SetModeCommand.xsd = core\asset\commands\SetModeCommand.xsd
		core\asset\commands\SetModeResponse.xsd = core\asset\commands\SetModeResponse.xsd
		core\asset\commands\SetPanTiltCommand.xsd = core\asset\commands\SetPanTiltCommand.xsd
		core\asset\commands\SetPanTiltResponse.xsd = core\asset\commands\SetPanTiltResponse.xsd
		core\asset\commands\SetPointingLocationCommand.xsd = core\asset\commands\SetPointingLocationCommand.xsd
		core\asset\commands\SetPointingLocationResponse.xsd = core\asset\commands\SetPointingLocationResponse.xsd
		core\asset\commands\SetPositionCommand.xsd = core\asset\commands\SetPositionCommand.xsd
		core\asset\commands\SetPositionResponse.xsd = core\asset\commands\SetPositionResponse.xsd
		core\asset\commands\SetTuneSettingsCommand.xsd = core\asset\commands\SetTuneSettingsCommand.xsd
		core\asset\commands\SetTuneSettingsResponse.xsd = core\asset\commands\SetTuneSettingsResponse.xsd
		core\types\SharedTypes.xsd = core\types\SharedTypes.xsd
		core\types\spatial\SpatialTypes.xsd = core\types\spatial\SpatialTypes.xsd
		core\asset\commands\StartRecordingCommand.xsd = core\asset\commands\StartRecordingCommand.xsd
		core\asset\commands\StartRecordingResponse.xsd = core\asset\commands\StartRecordingResponse.xsd
		core\observation\types\Status.xsd = core\observation\types\Status.xsd
		core\types\status\StatusTypes.xsd = core\types\status\StatusTypes.xsd
		core\asset\commands\StopRecordingCommand.xsd = core\asset\commands\StopRecordingCommand.xsd
		core\asset\commands\StopRecordingResponse.xsd = core\asset\commands\StopRecordingResponse.xsd
		core\asset\commands\TargetRefinementCommand.xsd = core\asset\commands\TargetRefinementCommand.xsd
		core\asset\commands\TargetRefinementResponse.xsd = core\asset\commands\TargetRefinementResponse.xsd
		core\ccomm\transport\capability\TransportLayerCapabilities.xsd = core\ccomm\transport\capability\TransportLayerCapabilities.xsd
		core\observation\types\Video.xsd = core\observation\types\Video.xsd
		core\types\video\VideoTypes.xsd = core\types\video\VideoTypes.xsd
		core\observation\types\WaterQuality.xsd = core\observation\types\WaterQuality.xsd
		core\observation\types\Weather.xsd = core\observation\types\Weather.xsd
		core\types\weather\WeatherTypes.xsd = core\types\weather\WeatherTypes.xsd
	EndProjectSection
EndProject
Global
	GlobalSection(SolutionProperties) = preSolution
		HideSolutionNode = FALSE
	EndGlobalSection
EndGlobal
