<?xml version="1.0" encoding="utf-8"?>
<Project ToolsVersion="4.0" xmlns="http://schemas.microsoft.com/developer/msbuild/2003">
  <ItemGroup>
    <Filter Include="Source Files">
      <UniqueIdentifier>{4FC737F1-C7A5-4376-A066-2A32D752A2FF}</UniqueIdentifier>
      <Extensions>cpp;c;cc;cxx;def;odl;idl;hpj;bat;asm;asmx</Extensions>
    </Filter>
    <Filter Include="Header Files">
      <UniqueIdentifier>{93995380-89BD-4b04-88EB-625FBE52EBFB}</UniqueIdentifier>
      <Extensions>h;hpp;hxx;hm;inl;inc;xsd</Extensions>
    </Filter>
    <Filter Include="Header Files\proxy">
      <UniqueIdentifier>{c31a5d62-04d9-4a60-8c52-76f57c75e3a7}</UniqueIdentifier>
    </Filter>
    <Filter Include="Source Files\proxy">
      <UniqueIdentifier>{4922f59b-cd46-4f50-8eeb-f1f4e42bb12c}</UniqueIdentifier>
    </Filter>
  </ItemGroup>
  <ItemGroup>
    <ClCompile Include="..\Base64.cpp">
      <Filter>Source Files</Filter>
    </ClCompile>
    <ClCompile Include="..\Base64Transcoders.cpp">
      <Filter>Source Files</Filter>
    </ClCompile>
    <ClCompile Include="..\BufferedReader.cpp">
      <Filter>Source Files</Filter>
    </ClCompile>
    <ClCompile Include="..\BufferedWriter.cpp">
      <Filter>Source Files</Filter>
    </ClCompile>
    <ClCompile Include="..\BufferReader.cpp">
      <Filter>Source Files</Filter>
    </ClCompile>
    <ClCompile Include="..\BufferWriter.cpp">
      <Filter>Source Files</Filter>
    </ClCompile>
    <ClCompile Include="..\CommHelper.cpp">
      <Filter>Source Files</Filter>
    </ClCompile>
    <ClCompile Include="..\CommHelper2.cpp">
      <Filter>Source Files</Filter>
    </ClCompile>
    <ClCompile Include="..\CompressedReader.cpp">
      <Filter>Source Files</Filter>
    </ClCompile>
    <ClCompile Include="..\CompressedWriter.cpp">
      <Filter>Source Files</Filter>
    </ClCompile>
    <ClCompile Include="..\ConditionVariable.cpp">
      <Filter>Source Files</Filter>
    </ClCompile>
    <ClCompile Include="..\ConfigManager.cpp">
      <Filter>Source Files</Filter>
    </ClCompile>
    <ClCompile Include="..\CRC.cpp">
      <Filter>Source Files</Filter>
    </ClCompile>
    <ClCompile Include="..\Cron.cpp">
      <Filter>Source Files</Filter>
    </ClCompile>
    <ClCompile Include="..\DatagramSocket.cpp">
      <Filter>Source Files</Filter>
    </ClCompile>
    <ClCompile Include="..\DataRelayer.cpp">
      <Filter>Source Files</Filter>
    </ClCompile>
    <ClCompile Include="..\Dime.cpp">
      <Filter>Source Files</Filter>
    </ClCompile>
    <ClCompile Include="..\EventMonitor.cpp">
      <Filter>Source Files</Filter>
    </ClCompile>
    <ClCompile Include="..\EventNotifier.cpp">
      <Filter>Source Files</Filter>
    </ClCompile>
    <ClCompile Include="..\FastMutex.cpp">
      <Filter>Source Files</Filter>
    </ClCompile>
    <ClCompile Include="..\FIFOQueue.cpp">
      <Filter>Source Files</Filter>
    </ClCompile>
    <ClCompile Include="..\FileReader.cpp">
      <Filter>Source Files</Filter>
    </ClCompile>
    <ClCompile Include="..\FileUtils.cpp">
      <Filter>Source Files</Filter>
    </ClCompile>
    <ClCompile Include="..\FileWriter.cpp">
      <Filter>Source Files</Filter>
    </ClCompile>
    <ClCompile Include="..\graph\Graph.cpp">
      <Filter>Source Files</Filter>
    </ClCompile>
    <ClCompile Include="..\HTTPClient.cpp">
      <Filter>Source Files</Filter>
    </ClCompile>
    <ClCompile Include="..\HTTPHelper.cpp">
      <Filter>Source Files</Filter>
    </ClCompile>
    <ClCompile Include="..\LineOrientedReader.cpp">
      <Filter>Source Files</Filter>
    </ClCompile>
    <ClCompile Include="..\Logger.cpp">
      <Filter>Source Files</Filter>
    </ClCompile>
    <ClCompile Include="..\ManageableThread.cpp">
      <Filter>Source Files</Filter>
    </ClCompile>
    <ClCompile Include="..\MD5.cpp">
      <Filter>Source Files</Filter>
    </ClCompile>
    <ClCompile Include="..\graph\MSPAlgorithm.cpp">
      <Filter>Source Files</Filter>
    </ClCompile>
    <ClCompile Include="..\MulticastUDPDatagramSocket.cpp">
      <Filter>Source Files</Filter>
    </ClCompile>
    <ClCompile Include="..\Mutex.cpp">
      <Filter>Source Files</Filter>
    </ClCompile>
    <ClCompile Include="..\net\NetUtils.cpp">
      <Filter>Source Files</Filter>
    </ClCompile>
    <ClCompile Include="..\net\NetworkHeaders.cpp">
      <Filter>Source Files</Filter>
    </ClCompile>
    <ClCompile Include="..\NLFLib.cpp">
      <Filter>Source Files</Filter>
    </ClCompile>
    <ClCompile Include="..\ObjectDefroster.cpp">
      <Filter>Source Files</Filter>
    </ClCompile>
    <ClCompile Include="..\ObjectFreezer.cpp">
      <Filter>Source Files</Filter>
    </ClCompile>
    <ClCompile Include="..\OSThread.cpp">
      <Filter>Source Files</Filter>
    </ClCompile>
    <ClCompile Include="..\Pipe.cpp">
      <Filter>Source Files</Filter>
    </ClCompile>
    <ClCompile Include="..\ProcessExecutor.cpp">
      <Filter>Source Files</Filter>
    </ClCompile>
    <ClCompile Include="..\ProxyDatagramSocket.cpp">
      <Filter>Source Files</Filter>
    </ClCompile>
    <ClCompile Include="..\PushbackLineOrientedReader.cpp">
      <Filter>Source Files</Filter>
    </ClCompile>
    <ClCompile Include="..\Reader.cpp">
      <Filter>Source Files</Filter>
    </ClCompile>
    <ClCompile Include="RegUtils.cpp">
      <Filter>Source Files</Filter>
    </ClCompile>
    <ClCompile Include="..\SemClass.cpp">
      <Filter>Source Files</Filter>
    </ClCompile>
    <ClCompile Include="..\comm\Serial.cpp">
      <Filter>Source Files</Filter>
    </ClCompile>
    <ClCompile Include="..\comm\Serial2Net.cpp">
      <Filter>Source Files</Filter>
    </ClCompile>
    <ClCompile Include="..\comm\SerialReader.cpp">
      <Filter>Source Files</Filter>
    </ClCompile>
    <ClCompile Include="..\comm\SerialWriter.cpp">
      <Filter>Source Files</Filter>
    </ClCompile>
    <ClCompile Include="ServiceHelper.cpp">
      <Filter>Source Files</Filter>
    </ClCompile>
    <ClCompile Include="..\SettingsFileManager.cpp">
      <Filter>Source Files</Filter>
    </ClCompile>
    <ClCompile Include="..\SoapMessage.cpp">
      <Filter>Source Files</Filter>
    </ClCompile>
    <ClCompile Include="..\Socket.cpp">
      <Filter>Source Files</Filter>
    </ClCompile>
    <ClCompile Include="..\SocketReader.cpp">
      <Filter>Source Files</Filter>
    </ClCompile>
    <ClCompile Include="..\SocketWriter.cpp">
      <Filter>Source Files</Filter>
    </ClCompile>
    <ClCompile Include="..\StackAllocator.cpp">
      <Filter>Source Files</Filter>
    </ClCompile>
    <ClCompile Include="..\Statistics.cpp">
      <Filter>Source Files</Filter>
    </ClCompile>
    <ClCompile Include="..\StrClass.cpp">
      <Filter>Source Files</Filter>
    </ClCompile>
    <ClCompile Include="..\graph\StringHashgraph.cpp">
      <Filter>Source Files</Filter>
    </ClCompile>
    <ClCompile Include="..\graph\StringHashthing.cpp">
      <Filter>Source Files</Filter>
    </ClCompile>
    <ClCompile Include="..\StringTokenizer.cpp">
      <Filter>Source Files</Filter>
    </ClCompile>
    <ClCompile Include="..\TClass.cpp">
      <Filter>Source Files</Filter>
    </ClCompile>
    <ClCompile Include="..\TCPSocket.cpp">
      <Filter>Source Files</Filter>
    </ClCompile>
    <ClCompile Include="..\graph\Thing.cpp">
      <Filter>Source Files</Filter>
    </ClCompile>
    <ClCompile Include="..\Thread.cpp">
      <Filter>Source Files</Filter>
    </ClCompile>
    <ClCompile Include="..\ThreadPool.cpp">
      <Filter>Source Files</Filter>
    </ClCompile>
    <ClCompile Include="..\UDPDatagramSocket.cpp">
      <Filter>Source Files</Filter>
    </ClCompile>
    <ClCompile Include="..\URLParser.cpp">
      <Filter>Source Files</Filter>
    </ClCompile>
    <ClCompile Include="..\UUID.cpp">
      <Filter>Source Files</Filter>
    </ClCompile>
    <ClCompile Include="..\UUIDGenerator.cpp">
      <Filter>Source Files</Filter>
    </ClCompile>
    <ClCompile Include="Win32Service.cpp">
      <Filter>Source Files</Filter>
    </ClCompile>
    <ClCompile Include="..\Writer.cpp">
      <Filter>Source Files</Filter>
    </ClCompile>
    <ClCompile Include="..\ZipFileReader.cpp">
      <Filter>Source Files</Filter>
    </ClCompile>
    <ClCompile Include="..\RangeDLList.cpp">
      <Filter>Source Files</Filter>
    </ClCompile>
    <ClCompile Include="..\ISAACRand.cpp">
      <Filter>Source Files</Filter>
    </ClCompile>
    <ClCompile Include="..\StringHashset.cpp">
      <Filter>Source Files</Filter>
    </ClCompile>
    <ClCompile Include="..\LoggingMutex.cpp">
      <Filter>Source Files</Filter>
    </ClCompile>
    <ClCompile Include="..\UDPRawDatagramSocket.cpp">
      <Filter>Source Files</Filter>
    </ClCompile>
    <ClCompile Include="..\TimeBoundedStringHashset.cpp">
      <Filter>Source Files</Filter>
    </ClCompile>
    <ClCompile Include="..\RollingBoundedBitmap.cpp">
      <Filter>Source Files</Filter>
    </ClCompile>
    <ClCompile Include="..\CommandProcessor.cpp">
      <Filter>Source Files</Filter>
    </ClCompile>
    <ClCompile Include="..\GeoUtils.cpp">
      <Filter>Source Files</Filter>
    </ClCompile>
    <ClCompile Include="..\AVList.cpp">
      <Filter>Source Files</Filter>
    </ClCompile>
    <ClCompile Include="..\InetAddr.cpp">
      <Filter>Source Files</Filter>
    </ClCompile>
    <ClCompile Include="..\LoggingConditionVariable.cpp">
      <Filter>Source Files</Filter>
    </ClCompile>
    <ClCompile Include="..\ZipFileUtils.cpp">
      <Filter>Source Files</Filter>
    </ClCompile>
    <ClCompile Include="..\SimpleCommHelper2.cpp">
      <Filter>Source Files</Filter>
    </ClCompile>
    <ClCompile Include="..\NullWriter.cpp">
      <Filter>Source Files</Filter>
    </ClCompile>
    <ClCompile Include="..\File.cpp">
      <Filter>Source Files</Filter>
    </ClCompile>
    <ClCompile Include="..\StringStringHashtable.cpp">
      <Filter>Source Files</Filter>
    </ClCompile>
    <ClCompile Include="..\StringStringWildMultimap.cpp">
      <Filter>Source Files</Filter>
    </ClCompile>
    <ClCompile Include="..\proxy\Protocol.cpp">
      <Filter>Source Files\proxy</Filter>
    </ClCompile>
    <ClCompile Include="..\proxy\Stub.cpp">
      <Filter>Source Files\proxy</Filter>
    </ClCompile>
    <ClCompile Include="..\proxy\StubCallbackHandler.cpp">
      <Filter>Source Files\proxy</Filter>
    </ClCompile>
    <ClCompile Include="..\SocketHelper.cpp">
      <Filter>Source Files</Filter>
    </ClCompile>
    <ClCompile Include="..\Timestamp.cpp">
      <Filter>Source Files</Filter>
    </ClCompile>
    <ClCompile Include="..\ManageableDatagramSocket.cpp">
      <Filter>Source Files</Filter>
    </ClCompile>
    <ClCompile Include="..\BoyerMooreHorspool.cpp">
      <Filter>Source Files</Filter>
    </ClCompile>
    <ClCompile Include="..\TreeUtils.cpp">
      <Filter>Source Files</Filter>
    </ClCompile>
    <ClCompile Include="..\BloomFilter.cpp">
      <Filter>Source Files</Filter>
    </ClCompile>
    <ClCompile Include="..\cJSON.c">
      <Filter>Source Files</Filter>
    </ClCompile>
    <ClCompile Include="..\Json.cpp">
      <Filter>Source Files</Filter>
    </ClCompile>
    <ClCompile Include="..\ZlibBufferCompressionInterface.cpp">
      <Filter>Source Files</Filter>
    </ClCompile>
    <ClCompile Include="..\uint128.cpp">
      <Filter>Source Files</Filter>
    </ClCompile>
  </ItemGroup>
  <ItemGroup>
    <ClInclude Include="..\Base64.h">
      <Filter>Header Files</Filter>
    </ClInclude>
    <ClInclude Include="..\Base64Transcoders.h">
      <Filter>Header Files</Filter>
    </ClInclude>
    <ClInclude Include="..\BufferedReader.h">
      <Filter>Header Files</Filter>
    </ClInclude>
    <ClInclude Include="..\BufferedWriter.h">
      <Filter>Header Files</Filter>
    </ClInclude>
    <ClInclude Include="..\BufferReader.h">
      <Filter>Header Files</Filter>
    </ClInclude>
    <ClInclude Include="..\BufferWriter.h">
      <Filter>Header Files</Filter>
    </ClInclude>
    <ClInclude Include="..\CircularBuffer.h">
      <Filter>Header Files</Filter>
    </ClInclude>
    <ClInclude Include="..\CircularQueue.h">
      <Filter>Header Files</Filter>
    </ClInclude>
    <ClInclude Include="..\CommHelper.h">
      <Filter>Header Files</Filter>
    </ClInclude>
    <ClInclude Include="..\CommHelper2.h">
      <Filter>Header Files</Filter>
    </ClInclude>
    <ClInclude Include="..\CompressedReader.h">
      <Filter>Header Files</Filter>
    </ClInclude>
    <ClInclude Include="..\CompressedWriter.h">
      <Filter>Header Files</Filter>
    </ClInclude>
    <ClInclude Include="..\ConditionVariable.h">
      <Filter>Header Files</Filter>
    </ClInclude>
    <ClInclude Include="..\ConfigManager.h">
      <Filter>Header Files</Filter>
    </ClInclude>
    <ClInclude Include="..\CRC.h">
      <Filter>Header Files</Filter>
    </ClInclude>
    <ClInclude Include="..\Cron.h">
      <Filter>Header Files</Filter>
    </ClInclude>
    <ClInclude Include="..\DArray.h">
      <Filter>Header Files</Filter>
    </ClInclude>
    <ClInclude Include="..\DArray2.h">
      <Filter>Header Files</Filter>
    </ClInclude>
    <ClInclude Include="..\DArray3.h">
      <Filter>Header Files</Filter>
    </ClInclude>
    <ClInclude Include="..\Reader.h">
      <Filter>Header Files</Filter>
    </ClInclude>
    <ClInclude Include="RegUtils.h">
      <Filter>Header Files</Filter>
    </ClInclude>
    <ClInclude Include="..\Runnable.h">
      <Filter>Header Files</Filter>
    </ClInclude>
    <ClInclude Include="..\SemClass.h">
      <Filter>Header Files</Filter>
    </ClInclude>
    <ClInclude Include="..\SequentialArithmetic.h">
      <Filter>Header Files</Filter>
    </ClInclude>
    <ClInclude Include="..\comm\Serial.h">
      <Filter>Header Files</Filter>
    </ClInclude>
    <ClInclude Include="..\comm\Serial2Net.h">
      <Filter>Header Files</Filter>
    </ClInclude>
    <ClInclude Include="..\comm\SerialReader.h">
      <Filter>Header Files</Filter>
    </ClInclude>
    <ClInclude Include="..\comm\SerialWriter.h">
      <Filter>Header Files</Filter>
    </ClInclude>
    <ClInclude Include="ServiceHelper.h">
      <Filter>Header Files</Filter>
    </ClInclude>
    <ClInclude Include="..\SettingsFileManager.h">
      <Filter>Header Files</Filter>
    </ClInclude>
    <ClInclude Include="..\SetUniquePtrLList.h">
      <Filter>Header Files</Filter>
    </ClInclude>
    <ClInclude Include="..\SoapMessage.h">
      <Filter>Header Files</Filter>
    </ClInclude>
    <ClInclude Include="..\Socket.h">
      <Filter>Header Files</Filter>
    </ClInclude>
    <ClInclude Include="..\SocketReader.h">
      <Filter>Header Files</Filter>
    </ClInclude>
    <ClInclude Include="..\SocketWriter.h">
      <Filter>Header Files</Filter>
    </ClInclude>
    <ClInclude Include="..\SortedLList.h">
      <Filter>Header Files</Filter>
    </ClInclude>
    <ClInclude Include="..\StackAllocator.h">
      <Filter>Header Files</Filter>
    </ClInclude>
    <ClInclude Include="..\Statistics.h">
      <Filter>Header Files</Filter>
    </ClInclude>
    <ClInclude Include="..\StrClass.h">
      <Filter>Header Files</Filter>
    </ClInclude>
    <ClInclude Include="..\graph\StringHashgraph.h">
      <Filter>Header Files</Filter>
    </ClInclude>
    <ClInclude Include="..\StringHashtable.h">
      <Filter>Header Files</Filter>
    </ClInclude>
    <ClInclude Include="..\graph\StringHashthing.h">
      <Filter>Header Files</Filter>
    </ClInclude>
    <ClInclude Include="..\StringStringHashtable.h">
      <Filter>Header Files</Filter>
    </ClInclude>
    <ClInclude Include="..\StringStringMap.h">
      <Filter>Header Files</Filter>
    </ClInclude>
    <ClInclude Include="..\StringStringMultiMap.h">
      <Filter>Header Files</Filter>
    </ClInclude>
    <ClInclude Include="..\StringTokenizer.h">
      <Filter>Header Files</Filter>
    </ClInclude>
    <ClInclude Include="..\StringVoidPtrMap.h">
      <Filter>Header Files</Filter>
    </ClInclude>
    <ClInclude Include="..\TClass.h">
      <Filter>Header Files</Filter>
    </ClInclude>
    <ClInclude Include="..\TCPSocket.h">
      <Filter>Header Files</Filter>
    </ClInclude>
    <ClInclude Include="..\graph\Thing.h">
      <Filter>Header Files</Filter>
    </ClInclude>
    <ClInclude Include="..\Thread.h">
      <Filter>Header Files</Filter>
    </ClInclude>
    <ClInclude Include="..\ThreadPool.h">
      <Filter>Header Files</Filter>
    </ClInclude>
    <ClInclude Include="..\ThreeStringHashtable.h">
      <Filter>Header Files</Filter>
    </ClInclude>
    <ClInclude Include="..\UDPDatagramSocket.h">
      <Filter>Header Files</Filter>
    </ClInclude>
    <ClInclude Include="..\UInt32Hashtable.h">
      <Filter>Header Files</Filter>
    </ClInclude>
    <ClInclude Include="..\URLParser.h">
      <Filter>Header Files</Filter>
    </ClInclude>
    <ClInclude Include="..\UUID.h">
      <Filter>Header Files</Filter>
    </ClInclude>
    <ClInclude Include="..\UUIDGenerator.h">
      <Filter>Header Files</Filter>
    </ClInclude>
    <ClInclude Include="Win32Service.h">
      <Filter>Header Files</Filter>
    </ClInclude>
    <ClInclude Include="..\Writer.h">
      <Filter>Header Files</Filter>
    </ClInclude>
    <ClInclude Include="..\ZipFileReader.h">
      <Filter>Header Files</Filter>
    </ClInclude>
    <ClInclude Include="..\StringHashset.h">
      <Filter>Header Files</Filter>
    </ClInclude>
    <ClInclude Include="..\UDPRawDatagramSocket.h">
      <Filter>Header Files</Filter>
    </ClInclude>
    <ClInclude Include="..\TimeBoundedStringHashset.h">
      <Filter>Header Files</Filter>
    </ClInclude>
    <ClInclude Include="..\RollingBoundedBitmap.h">
      <Filter>Header Files</Filter>
    </ClInclude>
    <ClInclude Include="..\CommandProcessor.h">
      <Filter>Header Files</Filter>
    </ClInclude>
    <ClInclude Include="..\AVList.h">
      <Filter>Header Files</Filter>
    </ClInclude>
    <ClInclude Include="..\UInt64Hashtable.h">
      <Filter>Header Files</Filter>
    </ClInclude>
    <ClInclude Include="..\ZipFileUtils.h">
      <Filter>Header Files</Filter>
    </ClInclude>
    <ClInclude Include="..\UInt32Hashset.h">
      <Filter>Header Files</Filter>
    </ClInclude>
    <ClInclude Include="..\SimpleCommHelper2.h">
      <Filter>Header Files</Filter>
    </ClInclude>
    <ClInclude Include="..\StringFloatHashtable.h">
      <Filter>Header Files</Filter>
    </ClInclude>
    <ClInclude Include="..\StringStringWildMultimap.h">
      <Filter>Header Files</Filter>
    </ClInclude>
    <ClInclude Include="..\proxy\Protocol.h">
      <Filter>Header Files\proxy</Filter>
    </ClInclude>
    <ClInclude Include="..\proxy\Stub.h">
      <Filter>Header Files\proxy</Filter>
    </ClInclude>
    <ClInclude Include="..\proxy\StubCallbackHandler.h">
      <Filter>Header Files\proxy</Filter>
    </ClInclude>
    <ClInclude Include="..\Timestamp.h">
      <Filter>Header Files</Filter>
    </ClInclude>
    <ClInclude Include="..\proxy\ConnHandler.h">
      <Filter>Header Files\proxy</Filter>
    </ClInclude>
    <ClInclude Include="..\proxy\Registry.h">
      <Filter>Header Files\proxy</Filter>
    </ClInclude>
    <ClInclude Include="..\proxy\RegistryInterface.h">
      <Filter>Header Files\proxy</Filter>
    </ClInclude>
    <ClInclude Include="..\proxy\Skeleton.h">
      <Filter>Header Files\proxy</Filter>
    </ClInclude>
    <ClInclude Include="..\proxy\Unmarshaller.h">
      <Filter>Header Files\proxy</Filter>
    </ClInclude>
    <ClInclude Include="..\TreeUtils.h">
      <Filter>Header Files</Filter>
    </ClInclude>
    <ClInclude Include="..\DatagramSocket.h">
      <Filter>Header Files</Filter>
    </ClInclude>
    <ClInclude Include="..\DataRelayer.h">
      <Filter>Header Files</Filter>
    </ClInclude>
    <ClInclude Include="..\Dime.h">
      <Filter>Header Files</Filter>
    </ClInclude>
    <ClInclude Include="..\EndianHelper.h">
      <Filter>Header Files</Filter>
    </ClInclude>
    <ClInclude Include="..\EventMonitor.h">
      <Filter>Header Files</Filter>
    </ClInclude>
    <ClInclude Include="..\EventNotifier.h">
      <Filter>Header Files</Filter>
    </ClInclude>
    <ClInclude Include="..\Exceptions.h">
      <Filter>Header Files</Filter>
    </ClInclude>
    <ClInclude Include="..\FastMutex.h">
      <Filter>Header Files</Filter>
    </ClInclude>
    <ClInclude Include="..\FIFOBuffer.h">
      <Filter>Header Files</Filter>
    </ClInclude>
    <ClInclude Include="..\FIFOQueue.h">
      <Filter>Header Files</Filter>
    </ClInclude>
    <ClInclude Include="..\File.h">
      <Filter>Header Files</Filter>
    </ClInclude>
    <ClInclude Include="..\FileReader.h">
      <Filter>Header Files</Filter>
    </ClInclude>
    <ClInclude Include="..\FileUtils.h">
      <Filter>Header Files</Filter>
    </ClInclude>
    <ClInclude Include="..\FileWriter.h">
      <Filter>Header Files</Filter>
    </ClInclude>
    <ClInclude Include="..\FourStringHashtable.h">
      <Filter>Header Files</Filter>
    </ClInclude>
    <ClInclude Include="..\FTypes.h">
      <Filter>Header Files</Filter>
    </ClInclude>
    <ClInclude Include="..\GeoUtils.h">
      <Filter>Header Files</Filter>
    </ClInclude>
    <ClInclude Include="..\graph\Graph.h">
      <Filter>Header Files</Filter>
    </ClInclude>
    <ClInclude Include="..\graph\HTGraph.h">
      <Filter>Header Files</Filter>
    </ClInclude>
    <ClInclude Include="..\HTTPClient.h">
      <Filter>Header Files</Filter>
    </ClInclude>
    <ClInclude Include="..\HTTPHelper.h">
      <Filter>Header Files</Filter>
    </ClInclude>
    <ClInclude Include="..\InetAddr.h">
      <Filter>Header Files</Filter>
    </ClInclude>
    <ClInclude Include="..\IntervalTree.h">
      <Filter>Header Files</Filter>
    </ClInclude>
    <ClInclude Include="..\ISAACRand.h">
      <Filter>Header Files</Filter>
    </ClInclude>
    <ClInclude Include="..\LineOrientedReader.h">
      <Filter>Header Files</Filter>
    </ClInclude>
    <ClInclude Include="..\LList.h">
      <Filter>Header Files</Filter>
    </ClInclude>
    <ClInclude Include="..\Logger.h">
      <Filter>Header Files</Filter>
    </ClInclude>
    <ClInclude Include="..\LoggingConditionVariable.h">
      <Filter>Header Files</Filter>
    </ClInclude>
    <ClInclude Include="..\LoggingMutex.h">
      <Filter>Header Files</Filter>
    </ClInclude>
    <ClInclude Include="..\ManageableDatagramSocket.h">
      <Filter>Header Files</Filter>
    </ClInclude>
    <ClInclude Include="..\ManageableThread.h">
      <Filter>Header Files</Filter>
    </ClInclude>
    <ClInclude Include="..\MD5.h">
      <Filter>Header Files</Filter>
    </ClInclude>
    <ClInclude Include="..\net\MessageFactory.h">
      <Filter>Header Files</Filter>
    </ClInclude>
    <ClInclude Include="..\MovingAverage.h">
      <Filter>Header Files</Filter>
    </ClInclude>
    <ClInclude Include="..\graph\MSPAlgorithm.h">
      <Filter>Header Files</Filter>
    </ClInclude>
    <ClInclude Include="..\MulticastUDPDatagramSocket.h">
      <Filter>Header Files</Filter>
    </ClInclude>
    <ClInclude Include="..\Mutex.h">
      <Filter>Header Files</Filter>
    </ClInclude>
    <ClInclude Include="..\net\NetUtils.h">
      <Filter>Header Files</Filter>
    </ClInclude>
    <ClInclude Include="..\net\NetworkHeaders.h">
      <Filter>Header Files</Filter>
    </ClInclude>
    <ClInclude Include="..\net\NICInfo.h">
      <Filter>Header Files</Filter>
    </ClInclude>
    <ClInclude Include="..\NLFLib.h">
      <Filter>Header Files</Filter>
    </ClInclude>
    <ClInclude Include="..\NullWriter.h">
      <Filter>Header Files</Filter>
    </ClInclude>
    <ClInclude Include="..\ObjectDefroster.h">
      <Filter>Header Files</Filter>
    </ClInclude>
    <ClInclude Include="..\ObjectFreezer.h">
      <Filter>Header Files</Filter>
    </ClInclude>
    <ClInclude Include="..\OSThread.h">
      <Filter>Header Files</Filter>
    </ClInclude>
    <ClInclude Include="..\Pipe.h">
      <Filter>Header Files</Filter>
    </ClInclude>
    <ClInclude Include="..\ProcessExecutor.h">
      <Filter>Header Files</Filter>
    </ClInclude>
    <ClInclude Include="..\ProxyDatagramSocket.h">
      <Filter>Header Files</Filter>
    </ClInclude>
    <ClInclude Include="..\PtrLList.h">
      <Filter>Header Files</Filter>
    </ClInclude>
    <ClInclude Include="..\PtrQueue.h">
      <Filter>Header Files</Filter>
    </ClInclude>
    <ClInclude Include="..\PtrStack.h">
      <Filter>Header Files</Filter>
    </ClInclude>
    <ClInclude Include="..\PushbackLineOrientedReader.h">
      <Filter>Header Files</Filter>
    </ClInclude>
    <ClInclude Include="..\Queue.h">
      <Filter>Header Files</Filter>
    </ClInclude>
    <ClInclude Include="..\RangeDLList.h">
      <Filter>Header Files</Filter>
    </ClInclude>
    <ClInclude Include="..\PtrLTree.h">
      <Filter>Header Files</Filter>
    </ClInclude>
    <ClInclude Include="..\BloomFilter.h">
      <Filter>Header Files</Filter>
    </ClInclude>
    <ClInclude Include="..\BoyerMooreHorspool.h">
      <Filter>Header Files</Filter>
    </ClInclude>
    <ClInclude Include="..\InstrumentedReader.h">
      <Filter>Header Files</Filter>
    </ClInclude>
    <ClInclude Include="..\InstrumentedWriter.h">
      <Filter>Header Files</Filter>
    </ClInclude>
    <ClInclude Include="..\CircularPtrLList.h">
      <Filter>Header Files</Filter>
    </ClInclude>
    <ClInclude Include="..\cJSON.h">
      <Filter>Header Files</Filter>
    </ClInclude>
    <ClInclude Include="..\Json.h">
      <Filter>Header Files</Filter>
    </ClInclude>
    <ClInclude Include="..\TimeIntervalAverage.h">
      <Filter>Header Files</Filter>
    </ClInclude>
    <ClInclude Include="..\AtomicVar.h">
      <Filter>Header Files</Filter>
    </ClInclude>
    <ClInclude Include="..\ZlibBufferCompressionInterface.h">
      <Filter>Header Files</Filter>
    </ClInclude>
    <ClInclude Include="..\Trie.h">
      <Filter>Header Files</Filter>
    </ClInclude>
    <ClInclude Include="..\uint128.h">
      <Filter>Header Files</Filter>
    </ClInclude>
    <ClInclude Include="..\ConcurrentQueue.h">
      <Filter>Header Files</Filter>
    </ClInclude>
  </ItemGroup>
</Project>