<?xml version="1.0" encoding="utf-8"?>
<Project ToolsVersion="4.0" xmlns="http://schemas.microsoft.com/developer/msbuild/2003">
  <ItemGroup>
    <Filter Include="Source Files">
      <UniqueIdentifier>{4FC737F1-C7A5-4376-A066-2A32D752A2FF}</UniqueIdentifier>
      <Extensions>cpp;c;cc;cxx;def;odl;idl;hpj;bat;asm;asmx</Extensions>
    </Filter>
    <Filter Include="Header Files">
      <UniqueIdentifier>{93995380-89BD-4b04-88EB-625FBE52EBFB}</UniqueIdentifier>
      <Extensions>h;hpp;hxx;hm;inl;inc;xsd</Extensions>
    </Filter>
  </ItemGroup>
  <ItemGroup>
    <ClCompile Include="..\AckController.cpp">
      <Filter>Source Files</Filter>
    </ClCompile>
    <ClCompile Include="..\ConfigFileReader.cpp">
      <Filter>Source Files</Filter>
    </ClCompile>
    <ClCompile Include="..\ConnectivityHistory.cpp">
      <Filter>Source Files</Filter>
    </ClCompile>
    <ClCompile Include="..\Controllable.cpp">
      <Filter>Source Files</Filter>
    </ClCompile>
    <ClCompile Include="..\ControllerFactory.cpp">
      <Filter>Source Files</Filter>
    </ClCompile>
    <ClCompile Include="..\DataCache.cpp">
      <Filter>Source Files</Filter>
    </ClCompile>
    <ClCompile Include="..\DataCacheExpirationController.cpp">
      <Filter>Source Files</Filter>
    </ClCompile>
    <ClCompile Include="..\DataCacheInterface.cpp">
      <Filter>Source Files</Filter>
    </ClCompile>
    <ClCompile Include="..\DataCacheReplicationController.cpp">
      <Filter>Source Files</Filter>
    </ClCompile>
    <ClCompile Include="..\DataRequestHandler.cpp">
      <Filter>Source Files</Filter>
    </ClCompile>
    <ClCompile Include="..\DefaultDataCacheExpirationController.cpp">
      <Filter>Source Files</Filter>
    </ClCompile>
    <ClCompile Include="..\DefaultDataCacheReplicationController.cpp">
      <Filter>Source Files</Filter>
    </ClCompile>
    <ClCompile Include="..\DefaultForwardingController.cpp">
      <Filter>Source Files</Filter>
    </ClCompile>
    <ClCompile Include="..\DisseminationService.cpp">
      <Filter>Source Files</Filter>
    </ClCompile>
    <ClCompile Include="..\DisseminationServiceProxy.cpp">
      <Filter>Source Files</Filter>
    </ClCompile>
    <ClCompile Include="..\DisseminationServiceProxyAdaptor.cpp">
      <Filter>Source Files</Filter>
    </ClCompile>
    <ClCompile Include="..\DisseminationServiceProxyCallbackHandler.cpp">
      <Filter>Source Files</Filter>
    </ClCompile>
    <ClCompile Include="..\DisseminationServiceProxyServer.cpp">
      <Filter>Source Files</Filter>
    </ClCompile>
    <ClCompile Include="..\DisServiceDataCacheQuery.cpp">
      <Filter>Source Files</Filter>
    </ClCompile>
    <ClCompile Include="..\DisServiceMsg.cpp">
      <Filter>Source Files</Filter>
    </ClCompile>
    <ClCompile Include="..\DisServiceStats.cpp">
      <Filter>Source Files</Filter>
    </ClCompile>
    <ClCompile Include="..\DisServiceStatusMonitor.cpp">
      <Filter>Source Files</Filter>
    </ClCompile>
    <ClCompile Include="..\DisServiceStatusNotifier.cpp">
      <Filter>Source Files</Filter>
    </ClCompile>
    <ClCompile Include="..\DSSFLib.cpp">
      <Filter>Source Files</Filter>
    </ClCompile>
    <ClCompile Include="..\ForwardingController.cpp">
      <Filter>Source Files</Filter>
    </ClCompile>
    <ClCompile Include="..\History.cpp">
      <Filter>Source Files</Filter>
    </ClCompile>
    <ClCompile Include="..\Message.cpp">
      <Filter>Source Files</Filter>
    </ClCompile>
    <ClCompile Include="..\MessageInfo.cpp">
      <Filter>Source Files</Filter>
    </ClCompile>
    <ClCompile Include="..\MessageReassembler.cpp">
      <Filter>Source Files</Filter>
    </ClCompile>
    <ClCompile Include="..\MessageRequestScheduler.cpp">
      <Filter>Source Files</Filter>
    </ClCompile>
    <ClCompile Include="..\NetworkTrafficMemory.cpp">
      <Filter>Source Files</Filter>
    </ClCompile>
    <ClCompile Include="..\NodeInfo.cpp">
      <Filter>Source Files</Filter>
    </ClCompile>
    <ClCompile Include="..\PersistentDataCache.cpp">
      <Filter>Source Files</Filter>
    </ClCompile>
    <ClCompile Include="..\PullReplicationController.cpp">
      <Filter>Source Files</Filter>
    </ClCompile>
    <ClCompile Include="..\PushReplicationController.cpp">
      <Filter>Source Files</Filter>
    </ClCompile>
    <ClCompile Include="..\PushToConvoyDataCacheReplicationController.cpp">
      <Filter>Source Files</Filter>
    </ClCompile>
    <ClCompile Include="..\SQLMessageHeaderStorage.cpp">
      <Filter>Source Files</Filter>
    </ClCompile>
    <ClCompile Include="..\SQLMessageStorage.cpp">
      <Filter>Source Files</Filter>
    </ClCompile>
    <ClCompile Include="..\StorageInterface.cpp">
      <Filter>Source Files</Filter>
    </ClCompile>
    <ClCompile Include="..\Subscription.cpp">
      <Filter>Source Files</Filter>
    </ClCompile>
    <ClCompile Include="..\SubscriptionList.cpp">
      <Filter>Source Files</Filter>
    </ClCompile>
    <ClCompile Include="..\SubscriptionState.cpp">
      <Filter>Source Files</Filter>
    </ClCompile>
    <ClCompile Include="..\SubscriptionStateCapped.cpp">
      <Filter>Source Files</Filter>
    </ClCompile>
    <ClCompile Include="..\TransmissionService.cpp">
      <Filter>Source Files</Filter>
    </ClCompile>
    <ClCompile Include="..\TransmissionServiceListener.cpp">
      <Filter>Source Files</Filter>
    </ClCompile>
    <ClCompile Include="..\WorldState.cpp">
      <Filter>Source Files</Filter>
    </ClCompile>
    <ClCompile Include="..\WorldStateForwardingController.cpp">
      <Filter>Source Files</Filter>
    </ClCompile>
    <ClCompile Include="..\XLayerWrapper.cpp">
      <Filter>Source Files</Filter>
    </ClCompile>
    <ClCompile Include="..\ListenerNotifier.cpp">
      <Filter>Source Files</Filter>
    </ClCompile>
    <ClCompile Include="..\DisServiceMsgHelper.cpp">
      <Filter>Source Files</Filter>
    </ClCompile>
    <ClCompile Include="..\SubscriptionFactory.cpp">
      <Filter>Source Files</Filter>
    </ClCompile>
    <ClCompile Include="..\BandwidthSharing.cpp">
      <Filter>Source Files</Filter>
    </ClCompile>
    <ClCompile Include="..\Analytics.cpp">
      <Filter>Source Files</Filter>
    </ClCompile>
    <ClCompile Include="..\BandwidthSensitiveController.cpp">
      <Filter>Source Files</Filter>
    </ClCompile>
    <ClCompile Include="..\BasicWorldState.cpp">
      <Filter>Source Files</Filter>
    </ClCompile>
    <ClCompile Include="..\RateEstimator.cpp">
      <Filter>Source Files</Filter>
    </ClCompile>
    <ClCompile Include="..\PeerState.cpp">
      <Filter>Source Files</Filter>
    </ClCompile>
    <ClCompile Include="..\Utils.cpp">
      <Filter>Source Files</Filter>
    </ClCompile>
    <ClCompile Include="..\HistoryFactory.cpp">
      <Filter>Source Files</Filter>
    </ClCompile>
    <ClCompile Include="..\RequestsState.cpp">
      <Filter>Source Files</Filter>
    </ClCompile>
    <ClCompile Include="..\ChunkRetrievalController.cpp">
      <Filter>Source Files</Filter>
    </ClCompile>
    <ClCompile Include="..\SQLTransmissionHistory.cpp">
      <Filter>Source Files</Filter>
    </ClCompile>
    <ClCompile Include="..\Listener.cpp">
      <Filter>Source Files</Filter>
    </ClCompile>
    <ClCompile Include="..\ChunkingAdaptor.cpp">
      <Filter>Source Files</Filter>
    </ClCompile>
    <ClCompile Include="..\DisServiceCommandProcessor.cpp">
      <Filter>Source Files</Filter>
    </ClCompile>
    <ClCompile Include="..\TargetBasedReplicationController.cpp">
      <Filter>Source Files</Filter>
    </ClCompile>
    <ClCompile Include="..\Services.cpp">
      <Filter>Source Files</Filter>
    </ClCompile>
    <ClCompile Include="..\ReceivedMessages.cpp">
      <Filter>Source Files</Filter>
    </ClCompile>
    <ClCompile Include="..\TransmissionHistoryInterface.cpp">
      <Filter>Source Files</Filter>
    </ClCompile>
    <ClCompile Include="..\SubscriptionAdvTable.cpp">
      <Filter>Source Files</Filter>
    </ClCompile>
    <ClCompile Include="..\SubscriptionForwardingController.cpp">
      <Filter>Source Files</Filter>
    </ClCompile>
    <ClCompile Include="..\ReceivedMessagesInterface.cpp">
      <Filter>Source Files</Filter>
    </ClCompile>
    <ClCompile Include="..\MessageId.cpp">
      <Filter>Source Files</Filter>
    </ClCompile>
    <ClCompile Include="..\SQLPropertyStore.cpp">
      <Filter>Source Files</Filter>
    </ClCompile>
    <ClCompile Include="..\PropertyStoreInterface.cpp">
      <Filter>Source Files</Filter>
    </ClCompile>
    <ClCompile Include="..\Searches.cpp">
      <Filter>Source Files</Filter>
    </ClCompile>
    <ClCompile Include="..\NodeId.cpp">
      <Filter>Source Files</Filter>
    </ClCompile>
    <ClCompile Include="..\TopologyWorldState.cpp">
      <Filter>Source Files</Filter>
    </ClCompile>
    <ClCompile Include="..\TopologyForwardingController.cpp">
      <Filter>Source Files</Filter>
    </ClCompile>
    <ClCompile Include="..\DefaultSearchController.cpp">
      <Filter>Source Files</Filter>
    </ClCompile>
    <ClCompile Include="..\SearchController.cpp">
      <Filter>Source Files</Filter>
    </ClCompile>
  </ItemGroup>
  <ItemGroup>
    <ClInclude Include="..\AckController.h">
      <Filter>Header Files</Filter>
    </ClInclude>
    <ClInclude Include="..\ConfigFileReader.h">
      <Filter>Header Files</Filter>
    </ClInclude>
    <ClInclude Include="..\ConnectivityHistory.h">
      <Filter>Header Files</Filter>
    </ClInclude>
    <ClInclude Include="..\Controllable.h">
      <Filter>Header Files</Filter>
    </ClInclude>
    <ClInclude Include="..\ControllerFactory.h">
      <Filter>Header Files</Filter>
    </ClInclude>
    <ClInclude Include="..\DataCache.h">
      <Filter>Header Files</Filter>
    </ClInclude>
    <ClInclude Include="..\DataCacheExpirationController.h">
      <Filter>Header Files</Filter>
    </ClInclude>
    <ClInclude Include="..\DataCacheInterface.h">
      <Filter>Header Files</Filter>
    </ClInclude>
    <ClInclude Include="..\DataCacheReplicationController.h">
      <Filter>Header Files</Filter>
    </ClInclude>
    <ClInclude Include="..\DataRequestHandler.h">
      <Filter>Header Files</Filter>
    </ClInclude>
    <ClInclude Include="..\DefaultDataCacheExpirationController.h">
      <Filter>Header Files</Filter>
    </ClInclude>
    <ClInclude Include="..\DefaultDataCacheReplicationController.h">
      <Filter>Header Files</Filter>
    </ClInclude>
    <ClInclude Include="..\DefaultForwardingController.h">
      <Filter>Header Files</Filter>
    </ClInclude>
    <ClInclude Include="..\DisseminationService.h">
      <Filter>Header Files</Filter>
    </ClInclude>
    <ClInclude Include="..\DisseminationServiceListener.h">
      <Filter>Header Files</Filter>
    </ClInclude>
    <ClInclude Include="..\DisseminationServiceProxy.h">
      <Filter>Header Files</Filter>
    </ClInclude>
    <ClInclude Include="..\DisseminationServiceProxyAdaptor.h">
      <Filter>Header Files</Filter>
    </ClInclude>
    <ClInclude Include="..\DisseminationServiceProxyCallbackHandler.h">
      <Filter>Header Files</Filter>
    </ClInclude>
    <ClInclude Include="..\DisseminationServiceProxyListener.h">
      <Filter>Header Files</Filter>
    </ClInclude>
    <ClInclude Include="..\DisseminationServiceProxyServer.h">
      <Filter>Header Files</Filter>
    </ClInclude>
    <ClInclude Include="..\DisServiceDataCacheQuery.h">
      <Filter>Header Files</Filter>
    </ClInclude>
    <ClInclude Include="..\DisServiceMsg.h">
      <Filter>Header Files</Filter>
    </ClInclude>
    <ClInclude Include="..\DisServiceStats.h">
      <Filter>Header Files</Filter>
    </ClInclude>
    <ClInclude Include="..\DisServiceStatus.h">
      <Filter>Header Files</Filter>
    </ClInclude>
    <ClInclude Include="..\DisServiceStatusMonitor.h">
      <Filter>Header Files</Filter>
    </ClInclude>
    <ClInclude Include="..\DisServiceStatusNotifier.h">
      <Filter>Header Files</Filter>
    </ClInclude>
    <ClInclude Include="..\DSSFLib.h">
      <Filter>Header Files</Filter>
    </ClInclude>
    <ClInclude Include="..\ForwardingController.h">
      <Filter>Header Files</Filter>
    </ClInclude>
    <ClInclude Include="..\GroupSenderSeqIDHashtable.h">
      <Filter>Header Files</Filter>
    </ClInclude>
    <ClInclude Include="..\History.h">
      <Filter>Header Files</Filter>
    </ClInclude>
    <ClInclude Include="..\LargeObjReassembler.h">
      <Filter>Header Files</Filter>
    </ClInclude>
    <ClInclude Include="..\Message.h">
      <Filter>Header Files</Filter>
    </ClInclude>
    <ClInclude Include="..\MessageInfo.h">
      <Filter>Header Files</Filter>
    </ClInclude>
    <ClInclude Include="..\MessagePropagationServiceInterface.h">
      <Filter>Header Files</Filter>
    </ClInclude>
    <ClInclude Include="..\MessagePropagationServiceListener.h">
      <Filter>Header Files</Filter>
    </ClInclude>
    <ClInclude Include="..\MessageReassembler.h">
      <Filter>Header Files</Filter>
    </ClInclude>
    <ClInclude Include="..\MessageRequestScheduler.h">
      <Filter>Header Files</Filter>
    </ClInclude>
    <ClInclude Include="..\NetworkTrafficMemory.h">
      <Filter>Header Files</Filter>
    </ClInclude>
    <ClInclude Include="..\NodeInfo.h">
      <Filter>Header Files</Filter>
    </ClInclude>
    <ClInclude Include="..\PersistentDataCache.h">
      <Filter>Header Files</Filter>
    </ClInclude>
    <ClInclude Include="..\PullReplicationController.h">
      <Filter>Header Files</Filter>
    </ClInclude>
    <ClInclude Include="..\PushReplicationController.h">
      <Filter>Header Files</Filter>
    </ClInclude>
    <ClInclude Include="..\PushToConvoyDataCacheReplicationController.h">
      <Filter>Header Files</Filter>
    </ClInclude>
    <ClInclude Include="..\SQLMessageHeaderStorage.h">
      <Filter>Header Files</Filter>
    </ClInclude>
    <ClInclude Include="..\SQLMessageStorage.h">
      <Filter>Header Files</Filter>
    </ClInclude>
    <ClInclude Include="..\StorageInterface.h">
      <Filter>Header Files</Filter>
    </ClInclude>
    <ClInclude Include="..\Subscription.h">
      <Filter>Header Files</Filter>
    </ClInclude>
    <ClInclude Include="..\SubscriptionList.h">
      <Filter>Header Files</Filter>
    </ClInclude>
    <ClInclude Include="..\SubscriptionState.h">
      <Filter>Header Files</Filter>
    </ClInclude>
    <ClInclude Include="..\SubscriptionStateCapped.h">
      <Filter>Header Files</Filter>
    </ClInclude>
    <ClInclude Include="..\TransmissionService.h">
      <Filter>Header Files</Filter>
    </ClInclude>
    <ClInclude Include="..\TransmissionServiceListener.h">
      <Filter>Header Files</Filter>
    </ClInclude>
    <ClInclude Include="..\WorldState.h">
      <Filter>Header Files</Filter>
    </ClInclude>
    <ClInclude Include="..\WorldStateForwardingController.h">
      <Filter>Header Files</Filter>
    </ClInclude>
    <ClInclude Include="..\XLayerWrapper.h">
      <Filter>Header Files</Filter>
    </ClInclude>
    <ClInclude Include="..\DisServiceDefs.h">
      <Filter>Header Files</Filter>
    </ClInclude>
    <ClInclude Include="..\ListenerNotifier.h">
      <Filter>Header Files</Filter>
    </ClInclude>
    <ClInclude Include="..\Listener.h">
      <Filter>Header Files</Filter>
    </ClInclude>
    <ClInclude Include="..\DisServiceMsgHelper.h">
      <Filter>Header Files</Filter>
    </ClInclude>
    <ClInclude Include="..\SubscriptionFactory.h">
      <Filter>Header Files</Filter>
    </ClInclude>
    <ClInclude Include="..\Analytics.h">
      <Filter>Header Files</Filter>
    </ClInclude>
    <ClInclude Include="..\BandwidthSensitiveController.h">
      <Filter>Header Files</Filter>
    </ClInclude>
    <ClInclude Include="..\BandwidthSharing.h">
      <Filter>Header Files</Filter>
    </ClInclude>
    <ClInclude Include="..\BasicWorldState.h">
      <Filter>Header Files</Filter>
    </ClInclude>
    <ClInclude Include="..\RateEstimator.h">
      <Filter>Header Files</Filter>
    </ClInclude>
    <ClInclude Include="..\PeerState.h">
      <Filter>Header Files</Filter>
    </ClInclude>
    <ClInclude Include="..\Utils.h">
      <Filter>Header Files</Filter>
    </ClInclude>
    <ClInclude Include="..\HistoryFactory.h">
      <Filter>Header Files</Filter>
    </ClInclude>
    <ClInclude Include="..\RequestsState.h">
      <Filter>Header Files</Filter>
    </ClInclude>
    <ClInclude Include="..\SQLTransmissionHistory.h">
      <Filter>Header Files</Filter>
    </ClInclude>
    <ClInclude Include="..\ChunkingAdaptor.h">
      <Filter>Header Files</Filter>
    </ClInclude>
    <ClInclude Include="..\ChunkRetrievalController.h">
      <Filter>Header Files</Filter>
    </ClInclude>
    <ClInclude Include="..\DisServiceCommandProcessor.h">
      <Filter>Header Files</Filter>
    </ClInclude>
    <ClInclude Include="..\TargetBasedReplicationController.h">
      <Filter>Header Files</Filter>
    </ClInclude>
    <ClInclude Include="..\Services.h">
      <Filter>Header Files</Filter>
    </ClInclude>
    <ClInclude Include="..\ReceivedMessages.h">
      <Filter>Header Files</Filter>
    </ClInclude>
    <ClInclude Include="..\TransmissionHistoryInterface.h">
      <Filter>Header Files</Filter>
    </ClInclude>
    <ClInclude Include="..\SubscriptionAdvTable.h">
      <Filter>Header Files</Filter>
    </ClInclude>
    <ClInclude Include="..\SubscriptionForwardingController.h">
      <Filter>Header Files</Filter>
    </ClInclude>
    <ClInclude Include="..\ReceivedMessagesInterface.h">
      <Filter>Header Files</Filter>
    </ClInclude>
    <ClInclude Include="..\MessageId.h">
      <Filter>Header Files</Filter>
    </ClInclude>
    <ClInclude Include="..\PropertyStoreInterface.h">
      <Filter>Header Files</Filter>
    </ClInclude>
    <ClInclude Include="..\SQLPropertyStore.h">
      <Filter>Header Files</Filter>
    </ClInclude>
    <ClInclude Include="..\Searches.h">
      <Filter>Header Files</Filter>
    </ClInclude>
    <ClInclude Include="..\NodeId.h">
      <Filter>Header Files</Filter>
    </ClInclude>
    <ClInclude Include="..\TopologyWorldState.h">
      <Filter>Header Files</Filter>
    </ClInclude>
    <ClInclude Include="..\TopologyForwardingController.h">
      <Filter>Header Files</Filter>
    </ClInclude>
    <ClInclude Include="..\DefaultSearchController.h">
      <Filter>Header Files</Filter>
    </ClInclude>
    <ClInclude Include="..\SearchController.h">
      <Filter>Header Files</Filter>
    </ClInclude>
  </ItemGroup>
</Project>