<?xml version="1.0" encoding="utf-8"?>
<Project ToolsVersion="4.0" xmlns="http://schemas.microsoft.com/developer/msbuild/2003">
  <ItemGroup>
    <Filter Include="Source Files">
      <UniqueIdentifier>{4FC737F1-C7A5-4376-A066-2A32D752A2FF}</UniqueIdentifier>
      <Extensions>cpp;c;cc;cxx;def;odl;idl;hpj;bat;asm;asmx</Extensions>
    </Filter>
    <Filter Include="Header Files">
      <UniqueIdentifier>{93995380-89BD-4b04-88EB-625FBE52EBFB}</UniqueIdentifier>
      <Extensions>h;hpp;hxx;hm;inl;inc;xsd</Extensions>
    </Filter>
  </ItemGroup>
  <ItemGroup>
    <ClCompile Include="..\besttree.c">
      <Filter>Source Files</Filter>
    </ClCompile>
    <ClCompile Include="..\build.c">
      <Filter>Source Files</Filter>
    </ClCompile>
    <ClCompile Include="..\c4.5.c">
      <Filter>Source Files</Filter>
    </ClCompile>
    <ClCompile Include="..\c4.5rules.c">
      <Filter>Source Files</Filter>
    </ClCompile>
    <ClCompile Include="..\C45AVList.cpp">
      <Filter>Source Files</Filter>
    </ClCompile>
    <ClCompile Include="..\C45DecisionTree.cpp">
      <Filter>Source Files</Filter>
    </ClCompile>
    <ClCompile Include="..\C45Rules.cpp">
      <Filter>Source Files</Filter>
    </ClCompile>
    <ClCompile Include="..\C45RuleSetInfo.cpp">
      <Filter>Source Files</Filter>
    </ClCompile>
    <ClCompile Include="..\C45RuleSetTestInfo.cpp">
      <Filter>Source Files</Filter>
    </ClCompile>
    <ClCompile Include="..\C45RulesPrediction.cpp">
      <Filter>Source Files</Filter>
    </ClCompile>
    <ClCompile Include="..\C45RulesTest.cpp">
      <Filter>Source Files</Filter>
    </ClCompile>
    <ClCompile Include="..\C45TreePrediction.cpp">
      <Filter>Source Files</Filter>
    </ClCompile>
    <ClCompile Include="..\C45TreeTestInfo.cpp">
      <Filter>Source Files</Filter>
    </ClCompile>
    <ClCompile Include="..\Classifier.cpp">
      <Filter>Source Files</Filter>
    </ClCompile>
    <ClCompile Include="..\classify.c">
      <Filter>Source Files</Filter>
    </ClCompile>
    <ClCompile Include="..\confmat.c">
      <Filter>Source Files</Filter>
    </ClCompile>
    <ClCompile Include="..\consult.c">
      <Filter>Source Files</Filter>
    </ClCompile>
    <ClCompile Include="..\consultr.c">
      <Filter>Source Files</Filter>
    </ClCompile>
    <ClCompile Include="..\contin.c">
      <Filter>Source Files</Filter>
    </ClCompile>
    <ClCompile Include="..\DataGenerator.cpp">
      <Filter>Source Files</Filter>
    </ClCompile>
    <ClCompile Include="..\discr.c">
      <Filter>Source Files</Filter>
    </ClCompile>
    <ClCompile Include="..\DummyClassifier.cpp">
      <Filter>Source Files</Filter>
    </ClCompile>
    <ClCompile Include="..\genlogs.c">
      <Filter>Source Files</Filter>
    </ClCompile>
    <ClCompile Include="..\genrules.c">
      <Filter>Source Files</Filter>
    </ClCompile>
    <ClCompile Include="..\getdata.c">
      <Filter>Source Files</Filter>
    </ClCompile>
    <ClCompile Include="..\getnames.c">
      <Filter>Source Files</Filter>
    </ClCompile>
    <ClCompile Include="..\info.c">
      <Filter>Source Files</Filter>
    </ClCompile>
    <ClCompile Include="..\makerules.c">
      <Filter>Source Files</Filter>
    </ClCompile>
    <ClCompile Include="..\Prediction.cpp">
      <Filter>Source Files</Filter>
    </ClCompile>
    <ClCompile Include="..\prune.c">
      <Filter>Source Files</Filter>
    </ClCompile>
    <ClCompile Include="..\prunerule.c">
      <Filter>Source Files</Filter>
    </ClCompile>
    <ClCompile Include="..\RandomClassifier.cpp">
      <Filter>Source Files</Filter>
    </ClCompile>
    <ClCompile Include="..\RandomTestInfo.cpp">
      <Filter>Source Files</Filter>
    </ClCompile>
    <ClCompile Include="..\rules.c">
      <Filter>Source Files</Filter>
    </ClCompile>
    <ClCompile Include="..\siftrules.c">
      <Filter>Source Files</Filter>
    </ClCompile>
    <ClCompile Include="..\sort.c">
      <Filter>Source Files</Filter>
    </ClCompile>
    <ClCompile Include="..\st-thresh.c">
      <Filter>Source Files</Filter>
    </ClCompile>
    <ClCompile Include="..\stats.c">
      <Filter>Source Files</Filter>
    </ClCompile>
    <ClCompile Include="..\subset.c">
      <Filter>Source Files</Filter>
    </ClCompile>
    <ClCompile Include="..\testrules.c">
      <Filter>Source Files</Filter>
    </ClCompile>
    <ClCompile Include="..\trees.c">
      <Filter>Source Files</Filter>
    </ClCompile>
    <ClCompile Include="..\userint.c">
      <Filter>Source Files</Filter>
    </ClCompile>
  </ItemGroup>
  <ItemGroup>
    <ClInclude Include="..\buildex.h">
      <Filter>Header Files</Filter>
    </ClInclude>
    <ClInclude Include="..\c4.5.h">
      <Filter>Header Files</Filter>
    </ClInclude>
    <ClInclude Include="..\c4.5rules.h">
      <Filter>Header Files</Filter>
    </ClInclude>
    <ClInclude Include="..\C45AVList.h">
      <Filter>Header Files</Filter>
    </ClInclude>
    <ClInclude Include="..\C45DecisionTree.h">
      <Filter>Header Files</Filter>
    </ClInclude>
    <ClInclude Include="..\C45Rules.h">
      <Filter>Header Files</Filter>
    </ClInclude>
    <ClInclude Include="..\C45RuleSetInfo.h">
      <Filter>Header Files</Filter>
    </ClInclude>
    <ClInclude Include="..\C45RuleSetTestInfo.h">
      <Filter>Header Files</Filter>
    </ClInclude>
    <ClInclude Include="..\C45RulesPrediction.h">
      <Filter>Header Files</Filter>
    </ClInclude>
    <ClInclude Include="..\C45RulesTest.h">
      <Filter>Header Files</Filter>
    </ClInclude>
    <ClInclude Include="..\C45TreeInfo.h">
      <Filter>Header Files</Filter>
    </ClInclude>
    <ClInclude Include="..\C45TreePrediction.h">
      <Filter>Header Files</Filter>
    </ClInclude>
    <ClInclude Include="..\C45TreeTestInfo.h">
      <Filter>Header Files</Filter>
    </ClInclude>
    <ClInclude Include="..\Classifier.h">
      <Filter>Header Files</Filter>
    </ClInclude>
    <ClInclude Include="..\consult.h">
      <Filter>Header Files</Filter>
    </ClInclude>
    <ClInclude Include="..\consultr.h">
      <Filter>Header Files</Filter>
    </ClInclude>
    <ClInclude Include="..\DataGenerator.h">
      <Filter>Header Files</Filter>
    </ClInclude>
    <ClInclude Include="..\defns.h">
      <Filter>Header Files</Filter>
    </ClInclude>
    <ClInclude Include="..\DummyClassifier.h">
      <Filter>Header Files</Filter>
    </ClInclude>
    <ClInclude Include="..\extern.h">
      <Filter>Header Files</Filter>
    </ClInclude>
    <ClInclude Include="..\Prediction.h">
      <Filter>Header Files</Filter>
    </ClInclude>
    <ClInclude Include="..\RandomClassifier.h">
      <Filter>Header Files</Filter>
    </ClInclude>
    <ClInclude Include="..\RandomTestInfo.h">
      <Filter>Header Files</Filter>
    </ClInclude>
    <ClInclude Include="..\rulex.h">
      <Filter>Header Files</Filter>
    </ClInclude>
    <ClInclude Include="..\TestInfo.h">
      <Filter>Header Files</Filter>
    </ClInclude>
    <ClInclude Include="..\types.h">
      <Filter>Header Files</Filter>
    </ClInclude>
  </ItemGroup>
</Project>