<?xml version="1.0" encoding="utf-8"?>
<Project ToolsVersion="4.0" xmlns="http://schemas.microsoft.com/developer/msbuild/2003">
  <ItemGroup>
    <ClCompile Include="..\ProxyMessages.cpp">
      <Filter>Source Files</Filter>
    </ClCompile>
    <ClCompile Include="..\TapInterface.cpp">
      <Filter>Source Files</Filter>
    </ClCompile>
    <ClCompile Include="..\ConnectorReader.cpp">
      <Filter>Source Files</Filter>
    </ClCompile>
    <ClCompile Include="..\ConnectorWriter.cpp">
      <Filter>Source Files</Filter>
    </ClCompile>
    <ClCompile Include="..\SocketConnector.cpp">
      <Filter>Source Files</Filter>
    </ClCompile>
    <ClCompile Include="..\MocketConnector.cpp">
      <Filter>Source Files</Filter>
    </ClCompile>
    <ClCompile Include="..\TCPConnTable.cpp">
      <Filter>Source Files</Filter>
    </ClCompile>
    <ClCompile Include="..\PacketRouter.cpp">
      <Filter>Source Files</Filter>
    </ClCompile>
    <ClCompile Include="..\main.cpp">
      <Filter>Source Files</Filter>
    </ClCompile>
    <ClCompile Include="..\ZLibConnectorWriter.cpp">
      <Filter>Source Files</Filter>
    </ClCompile>
    <ClCompile Include="..\ZLibConnectorReader.cpp">
      <Filter>Source Files</Filter>
    </ClCompile>
    <ClCompile Include="..\LzmaConnectorWriter.cpp">
      <Filter>Source Files</Filter>
    </ClCompile>
    <ClCompile Include="..\LzmaConnectorReader.cpp">
      <Filter>Source Files</Filter>
    </ClCompile>
    <ClCompile Include="..\NetProxyConfigManager.cpp">
      <Filter>Source Files</Filter>
    </ClCompile>
    <ClCompile Include="..\UDPConnector.cpp">
      <Filter>Source Files</Filter>
    </ClCompile>
    <ClCompile Include="..\TCPManager.cpp">
      <Filter>Source Files</Filter>
    </ClCompile>
    <ClCompile Include="..\CircularOrderedBuffer.cpp">
      <Filter>Source Files</Filter>
    </ClCompile>
    <ClCompile Include="..\TCPSegment.cpp">
      <Filter>Source Files</Filter>
    </ClCompile>
    <ClCompile Include="..\MutexBuffer.cpp">
      <Filter>Source Files</Filter>
    </ClCompile>
    <ClCompile Include="..\Connector.cpp">
      <Filter>Source Files</Filter>
    </ClCompile>
    <ClCompile Include="..\ProxyNetworkMessage.cpp">
      <Filter>Source Files</Filter>
    </ClCompile>
    <ClCompile Include="..\CompressionSetting.cpp">
      <Filter>Source Files</Filter>
    </ClCompile>
    <ClCompile Include="..\ProtocolSetting.cpp">
      <Filter>Source Files</Filter>
    </ClCompile>
    <ClCompile Include="..\UDPDatagramPacket.cpp">
      <Filter>Source Files</Filter>
    </ClCompile>
    <ClCompile Include="..\MutexUDPQueue.cpp">
      <Filter>Source Files</Filter>
    </ClCompile>
    <ClCompile Include="..\Utilities.cpp">
      <Filter>Source Files</Filter>
    </ClCompile>
    <ClCompile Include="..\ActiveConnection.cpp">
      <Filter>Source Files</Filter>
    </ClCompile>
    <ClCompile Include="..\Connection.cpp">
      <Filter>Source Files</Filter>
    </ClCompile>
    <ClCompile Include="..\ConnectorAdapter.cpp">
      <Filter>Source Files</Filter>
    </ClCompile>
    <ClCompile Include="..\Entry.cpp">
      <Filter>Source Files</Filter>
    </ClCompile>
    <ClCompile Include="..\TCPSocketAdapter.cpp">
      <Filter>Source Files</Filter>
    </ClCompile>
    <ClCompile Include="..\GUIUpdateMessage.cpp">
      <Filter>Source Files</Filter>
    </ClCompile>
    <ClCompile Include="..\UDPSocketAdapter.cpp">
      <Filter>Source Files</Filter>
    </ClCompile>
    <ClCompile Include="..\PCapInterface.cpp">
      <Filter>Source Files</Filter>
    </ClCompile>
    <ClCompile Include="..\NetworkInterface.cpp">
      <Filter>Source Files</Filter>
    </ClCompile>
    <ClCompile Include="..\PacketBufferManager.cpp">
      <Filter>Source Files</Filter>
    </ClCompile>
    <ClCompile Include="..\CSRConnector.cpp">
      <Filter>Source Files</Filter>
    </ClCompile>
    <ClCompile Include="..\RemoteProxyInfo.cpp">
      <Filter>Source Files</Filter>
    </ClCompile>
    <ClCompile Include="..\ConnectionManager.cpp">
      <Filter>Source Files</Filter>
    </ClCompile>
    <ClCompile Include="..\AddressRangeDescriptor.cpp">
      <Filter>Source Files</Filter>
    </ClCompile>
    <ClCompile Include="..\AutoConnectionEntry.cpp">
      <Filter>Source Files</Filter>
    </ClCompile>
  </ItemGroup>
  <ItemGroup>
    <ClInclude Include="..\ProxyMessages.h">
      <Filter>Header Files</Filter>
    </ClInclude>
    <ClInclude Include="..\TapInterface.h">
      <Filter>Header Files</Filter>
    </ClInclude>
    <ClInclude Include="..\Connector.h">
      <Filter>Header Files</Filter>
    </ClInclude>
    <ClInclude Include="..\ConnectorReader.h">
      <Filter>Header Files</Filter>
    </ClInclude>
    <ClInclude Include="..\ConnectorWriter.h">
      <Filter>Header Files</Filter>
    </ClInclude>
    <ClInclude Include="..\SocketConnector.h">
      <Filter>Header Files</Filter>
    </ClInclude>
    <ClInclude Include="..\MocketConnector.h">
      <Filter>Header Files</Filter>
    </ClInclude>
    <ClInclude Include="..\TCPConnTable.h">
      <Filter>Header Files</Filter>
    </ClInclude>
    <ClInclude Include="..\PacketRouter.h">
      <Filter>Header Files</Filter>
    </ClInclude>
    <ClInclude Include="..\Constants.h">
      <Filter>Header Files</Filter>
    </ClInclude>
    <ClInclude Include="..\ZLibConnectorWriter.h">
      <Filter>Header Files</Filter>
    </ClInclude>
    <ClInclude Include="..\ZLibConnectorReader.h">
      <Filter>Header Files</Filter>
    </ClInclude>
    <ClInclude Include="..\LzmaConnectorWriter.h">
      <Filter>Header Files</Filter>
    </ClInclude>
    <ClInclude Include="..\LzmaConnectorReader.h">
      <Filter>Header Files</Filter>
    </ClInclude>
    <ClInclude Include="..\NetProxyConfigManager.h">
      <Filter>Header Files</Filter>
    </ClInclude>
    <ClInclude Include="..\UDPConnector.h">
      <Filter>Header Files</Filter>
    </ClInclude>
    <ClInclude Include="..\TCPManager.h">
      <Filter>Header Files</Filter>
    </ClInclude>
    <ClInclude Include="..\CircularOrderedBuffer.h">
      <Filter>Header Files</Filter>
    </ClInclude>
    <ClInclude Include="..\OrderableBufferWriter.h">
      <Filter>Header Files</Filter>
    </ClInclude>
    <ClInclude Include="..\TCPSegment.h">
      <Filter>Header Files</Filter>
    </ClInclude>
    <ClInclude Include="..\MutexBuffer.h">
      <Filter>Header Files</Filter>
    </ClInclude>
    <ClInclude Include="..\ProxyNetworkMessage.h">
      <Filter>Header Files</Filter>
    </ClInclude>
    <ClInclude Include="..\CompressionSetting.h">
      <Filter>Header Files</Filter>
    </ClInclude>
    <ClInclude Include="..\ProtocolSetting.h">
      <Filter>Header Files</Filter>
    </ClInclude>
    <ClInclude Include="..\UDPDatagramPacket.h">
      <Filter>Header Files</Filter>
    </ClInclude>
    <ClInclude Include="..\MutexUDPQueue.h">
      <Filter>Header Files</Filter>
    </ClInclude>
    <ClInclude Include="..\ConfigurationParameters.h">
      <Filter>Header Files</Filter>
    </ClInclude>
    <ClInclude Include="..\MutexCounter.h">
      <Filter>Header Files</Filter>
    </ClInclude>
    <ClInclude Include="..\ActiveConnection.h">
      <Filter>Header Files</Filter>
    </ClInclude>
    <ClInclude Include="..\ConnectorAdapter.h">
      <Filter>Header Files</Filter>
    </ClInclude>
    <ClInclude Include="..\Entry.h">
      <Filter>Header Files</Filter>
    </ClInclude>
    <ClInclude Include="..\MocketAdapter.h">
      <Filter>Header Files</Filter>
    </ClInclude>
    <ClInclude Include="..\TCPSocketAdapter.h">
      <Filter>Header Files</Filter>
    </ClInclude>
    <ClInclude Include="..\Utilities.h">
      <Filter>Header Files</Filter>
    </ClInclude>
    <ClInclude Include="..\Connection.h">
      <Filter>Header Files</Filter>
    </ClInclude>
    <ClInclude Include="..\GUIUpdateMessage.h">
      <Filter>Header Files</Filter>
    </ClInclude>
    <ClInclude Include="..\UDPSocketAdapter.h">
      <Filter>Header Files</Filter>
    </ClInclude>
    <ClInclude Include="..\PCapInterface.h">
      <Filter>Header Files</Filter>
    </ClInclude>
    <ClInclude Include="..\NetworkInterface.h">
      <Filter>Header Files</Filter>
    </ClInclude>
    <ClInclude Include="..\PacketBufferManager.h">
      <Filter>Header Files</Filter>
    </ClInclude>
    <ClInclude Include="..\ARPCache.h">
      <Filter>Header Files</Filter>
    </ClInclude>
    <ClInclude Include="..\CSRAdapter.h">
      <Filter>Header Files</Filter>
    </ClInclude>
    <ClInclude Include="..\CSRConnector.h">
      <Filter>Header Files</Filter>
    </ClInclude>
    <ClInclude Include="..\NPDArray2.h">
      <Filter>Header Files</Filter>
    </ClInclude>
    <ClInclude Include="..\ConnectionManager.h">
      <Filter>Header Files</Filter>
    </ClInclude>
    <ClInclude Include="..\RemoteProxyInfo.h">
      <Filter>Header Files</Filter>
    </ClInclude>
    <ClInclude Include="..\ConnectivitySolutions.h">
      <Filter>Header Files</Filter>
    </ClInclude>
    <ClInclude Include="..\AddressRangeDescriptor.h">
      <Filter>Header Files</Filter>
    </ClInclude>
    <ClInclude Include="..\QueryResult.h">
      <Filter>Header Files</Filter>
    </ClInclude>
    <ClInclude Include="..\AutoConnectionEntry.h">
      <Filter>Header Files</Filter>
    </ClInclude>
    <ClInclude Include="..\..\..\..\util\cpp\NPDArray.h">
      <Filter>Header Files</Filter>
    </ClInclude>
  </ItemGroup>
  <ItemGroup>
    <Filter Include="Source Files">
      <UniqueIdentifier>{475d2e56-e461-4468-9177-2712e2bd53a8}</UniqueIdentifier>
      <Extensions>cpp;c;cxx;def;odl;idl;hpj;bat;asm;asmx</Extensions>
    </Filter>
    <Filter Include="Header Files">
      <UniqueIdentifier>{349d3598-9d2d-4ed9-a9de-a218a2d9f04e}</UniqueIdentifier>
      <Extensions>h;hpp;hxx;hm;inl;inc;xsd</Extensions>
    </Filter>
  </ItemGroup>
</Project>