<?xml version="1.0" encoding="utf-8"?>
<Project ToolsVersion="4.0" xmlns="http://schemas.microsoft.com/developer/msbuild/2003">
  <ItemGroup>
    <ClCompile Include="..\ProxyMessages.cpp">
      <Filter>Source Files</Filter>
    </ClCompile>
    <ClCompile Include="..\TapInterface.cpp">
      <Filter>Source Files</Filter>
    </ClCompile>
    <ClCompile Include="..\ConnectorReader.cpp">
      <Filter>Source Files</Filter>
    </ClCompile>
    <ClCompile Include="..\ConnectorWriter.cpp">
      <Filter>Source Files</Filter>
    </ClCompile>
    <ClCompile Include="..\SocketConnector.cpp">
      <Filter>Source Files</Filter>
    </ClCompile>
    <ClCompile Include="..\MocketConnector.cpp">
      <Filter>Source Files</Filter>
    </ClCompile>
    <ClCompile Include="..\TCPConnTable.cpp">
      <Filter>Source Files</Filter>
    </ClCompile>
    <ClCompile Include="..\PacketRouter.cpp">
      <Filter>Source Files</Filter>
    </ClCompile>
    <ClCompile Include="..\main.cpp">
      <Filter>Source Files</Filter>
    </ClCompile>
    <ClCompile Include="..\ZLibConnectorWriter.cpp">
      <Filter>Source Files</Filter>
    </ClCompile>
    <ClCompile Include="..\ZLibConnectorReader.cpp">
      <Filter>Source Files</Filter>
    </ClCompile>
    <ClCompile Include="..\LzmaConnectorWriter.cpp">
      <Filter>Source Files</Filter>
    </ClCompile>
    <ClCompile Include="..\LzmaConnectorReader.cpp">
      <Filter>Source Files</Filter>
    </ClCompile>
    <ClCompile Include="..\ConfigurationManager.cpp">
      <Filter>Source Files</Filter>
    </ClCompile>
  </ItemGroup>
  <ItemGroup>
    <ClInclude Include="..\ProxyMessages.h">
      <Filter>Header Files</Filter>
    </ClInclude>
    <ClInclude Include="..\TapInterface.h">
      <Filter>Header Files</Filter>
    </ClInclude>
    <ClInclude Include="..\Connector.h">
      <Filter>Header Files</Filter>
    </ClInclude>
    <ClInclude Include="..\ConnectorReader.h">
      <Filter>Header Files</Filter>
    </ClInclude>
    <ClInclude Include="..\ConnectorWriter.h">
      <Filter>Header Files</Filter>
    </ClInclude>
    <ClInclude Include="..\SocketConnector.h">
      <Filter>Header Files</Filter>
    </ClInclude>
    <ClInclude Include="..\MocketConnector.h">
      <Filter>Header Files</Filter>
    </ClInclude>
    <ClInclude Include="..\TCPConnTable.h">
      <Filter>Header Files</Filter>
    </ClInclude>
    <ClInclude Include="..\PacketRouter.h">
      <Filter>Header Files</Filter>
    </ClInclude>
    <ClInclude Include="..\Constants.h">
      <Filter>Header Files</Filter>
    </ClInclude>
    <ClInclude Include="..\ZLibConnectorWriter.h">
      <Filter>Header Files</Filter>
    </ClInclude>
    <ClInclude Include="..\ZLibConnectorReader.h">
      <Filter>Header Files</Filter>
    </ClInclude>
    <ClInclude Include="..\LzmaConnectorWriter.h">
      <Filter>Header Files</Filter>
    </ClInclude>
    <ClInclude Include="..\LzmaConnectorReader.h">
      <Filter>Header Files</Filter>
    </ClInclude>
    <ClInclude Include="..\ConfigurationManager.h">
      <Filter>Header Files</Filter>
    </ClInclude>
  </ItemGroup>
  <ItemGroup>
    <Filter Include="Source Files">
      <UniqueIdentifier>{475d2e56-e461-4468-9177-2712e2bd53a8}</UniqueIdentifier>
      <Extensions>cpp;c;cxx;def;odl;idl;hpj;bat;asm;asmx</Extensions>
    </Filter>
    <Filter Include="Header Files">
      <UniqueIdentifier>{349d3598-9d2d-4ed9-a9de-a218a2d9f04e}</UniqueIdentifier>
      <Extensions>h;hpp;hxx;hm;inl;inc;xsd</Extensions>
    </Filter>
  </ItemGroup>
</Project>