<?xml version="1.0" encoding="utf-8"?>
<Project ToolsVersion="4.0" xmlns="http://schemas.microsoft.com/developer/msbuild/2003">
  <ItemGroup>
    <Filter Include="Source Files">
      <UniqueIdentifier>{4FC737F1-C7A5-4376-A066-2A32D752A2FF}</UniqueIdentifier>
      <Extensions>cpp;c;cxx;def;odl;idl;hpj;bat;asm;asmx</Extensions>
    </Filter>
    <Filter Include="Header Files">
      <UniqueIdentifier>{93995380-89BD-4b04-88EB-625FBE52EBFB}</UniqueIdentifier>
      <Extensions>h;hpp;hxx;hm;inl;inc;xsd</Extensions>
    </Filter>
  </ItemGroup>
  <ItemGroup>
    <ClCompile Include="..\ACKManager.cpp">
      <Filter>Source Files</Filter>
    </ClCompile>
    <ClCompile Include="..\BandwidthEstimator.cpp">
      <Filter>Source Files</Filter>
    </ClCompile>
    <ClCompile Include="..\CancelledTSNManager.cpp">
      <Filter>Source Files</Filter>
    </ClCompile>
    <ClCompile Include="..\CongestionController.cpp">
      <Filter>Source Files</Filter>
    </ClCompile>
    <ClCompile Include="..\DataBuffer.cpp">
      <Filter>Source Files</Filter>
    </ClCompile>
    <ClCompile Include="..\MessageSender.cpp">
      <Filter>Source Files</Filter>
    </ClCompile>
    <ClCompile Include="..\Mocket.cpp">
      <Filter>Source Files</Filter>
    </ClCompile>
    <ClCompile Include="..\MocketReader.cpp">
      <Filter>Source Files</Filter>
    </ClCompile>
    <ClCompile Include="..\MocketStatusMonitor.cpp">
      <Filter>Source Files</Filter>
    </ClCompile>
    <ClCompile Include="..\MocketStatusNotifier.cpp">
      <Filter>Source Files</Filter>
    </ClCompile>
    <ClCompile Include="..\MocketWriter.cpp">
      <Filter>Source Files</Filter>
    </ClCompile>
    <ClCompile Include="..\Packet.cpp">
      <Filter>Source Files</Filter>
    </ClCompile>
    <ClCompile Include="..\PacketProcessor.cpp">
      <Filter>Source Files</Filter>
    </ClCompile>
    <ClCompile Include="..\Receiver.cpp">
      <Filter>Source Files</Filter>
    </ClCompile>
    <ClCompile Include="..\ServerMocket.cpp">
      <Filter>Source Files</Filter>
    </ClCompile>
    <ClCompile Include="..\StateCookie.cpp">
      <Filter>Source Files</Filter>
    </ClCompile>
    <ClCompile Include="..\StateMachine.cpp">
      <Filter>Source Files</Filter>
    </ClCompile>
    <ClCompile Include="..\StreamMocket.cpp">
      <Filter>Source Files</Filter>
    </ClCompile>
    <ClCompile Include="..\StreamServerMocket.cpp">
      <Filter>Source Files</Filter>
    </ClCompile>
    <ClCompile Include="..\TransmissionRateModulation.cpp">
      <Filter>Source Files</Filter>
    </ClCompile>
    <ClCompile Include="..\Transmitter.cpp">
      <Filter>Source Files</Filter>
    </ClCompile>
    <ClCompile Include="..\TSNRangeHandler.cpp">
      <Filter>Source Files</Filter>
    </ClCompile>
    <ClCompile Include="..\UDPCommInterface.cpp">
      <Filter>Source Files</Filter>
    </ClCompile>
    <ClCompile Include="..\CommInterface.cpp">
      <Filter>Source Files</Filter>
    </ClCompile>
    <ClCompile Include="..\ProxyCommInterface.cpp">
      <Filter>Source Files</Filter>
    </ClCompile>
    <ClCompile Include="..\DTLSCommInterface.cpp">
      <Filter>Source Files</Filter>
    </ClCompile>
    <ClCompile Include="..\Dtls.cpp">
      <Filter>Source Files</Filter>
    </ClCompile>
  </ItemGroup>
  <ItemGroup>
    <ClInclude Include="..\ACKManager.h">
      <Filter>Header Files</Filter>
    </ClInclude>
    <ClInclude Include="..\BandwidthEstimator.h">
      <Filter>Header Files</Filter>
    </ClInclude>
    <ClInclude Include="..\CancelledTSNManager.h">
      <Filter>Header Files</Filter>
    </ClInclude>
    <ClInclude Include="..\CongestionControl.h">
      <Filter>Header Files</Filter>
    </ClInclude>
    <ClInclude Include="..\CongestionController.h">
      <Filter>Header Files</Filter>
    </ClInclude>
    <ClInclude Include="..\DataBuffer.h">
      <Filter>Header Files</Filter>
    </ClInclude>
    <ClInclude Include="..\DLList.h">
      <Filter>Header Files</Filter>
    </ClInclude>
    <ClInclude Include="..\MessageSender.h">
      <Filter>Header Files</Filter>
    </ClInclude>
    <ClInclude Include="..\Mocket.h">
      <Filter>Header Files</Filter>
    </ClInclude>
    <ClInclude Include="..\MocketReader.h">
      <Filter>Header Files</Filter>
    </ClInclude>
    <ClInclude Include="..\MocketStats.h">
      <Filter>Header Files</Filter>
    </ClInclude>
    <ClInclude Include="..\MocketStatus.h">
      <Filter>Header Files</Filter>
    </ClInclude>
    <ClInclude Include="..\MocketStatusMonitor.h">
      <Filter>Header Files</Filter>
    </ClInclude>
    <ClInclude Include="..\MocketStatusNotifier.h">
      <Filter>Header Files</Filter>
    </ClInclude>
    <ClInclude Include="..\MocketWriter.h">
      <Filter>Header Files</Filter>
    </ClInclude>
    <ClInclude Include="..\Packet.h">
      <Filter>Header Files</Filter>
    </ClInclude>
    <ClInclude Include="..\PacketAccessors.h">
      <Filter>Header Files</Filter>
    </ClInclude>
    <ClInclude Include="..\PacketMutators.h">
      <Filter>Header Files</Filter>
    </ClInclude>
    <ClInclude Include="..\PacketProcessor.h">
      <Filter>Header Files</Filter>
    </ClInclude>
    <ClInclude Include="..\PacketQueue.h">
      <Filter>Header Files</Filter>
    </ClInclude>
    <ClInclude Include="..\PacketWrapper.h">
      <Filter>Header Files</Filter>
    </ClInclude>
    <ClInclude Include="..\PendingPacketQueue.h">
      <Filter>Header Files</Filter>
    </ClInclude>
    <ClInclude Include="..\Receiver.h">
      <Filter>Header Files</Filter>
    </ClInclude>
    <ClInclude Include="..\SequencedPacketQueue.h">
      <Filter>Header Files</Filter>
    </ClInclude>
    <ClInclude Include="..\ServerMocket.h">
      <Filter>Header Files</Filter>
    </ClInclude>
    <ClInclude Include="..\StateCookie.h">
      <Filter>Header Files</Filter>
    </ClInclude>
    <ClInclude Include="..\StateMachine.h">
      <Filter>Header Files</Filter>
    </ClInclude>
    <ClInclude Include="..\StreamMocket.h">
      <Filter>Header Files</Filter>
    </ClInclude>
    <ClInclude Include="..\StreamServerMocket.h">
      <Filter>Header Files</Filter>
    </ClInclude>
    <ClInclude Include="..\TransmissionRateModulation.h">
      <Filter>Header Files</Filter>
    </ClInclude>
    <ClInclude Include="..\Transmitter.h">
      <Filter>Header Files</Filter>
    </ClInclude>
    <ClInclude Include="..\TSNRangeHandler.h">
      <Filter>Header Files</Filter>
    </ClInclude>
    <ClInclude Include="..\UnacknowledgedPacketQueue.h">
      <Filter>Header Files</Filter>
    </ClInclude>
    <ClInclude Include="..\UnsequencedPacketQueue.h">
      <Filter>Header Files</Filter>
    </ClInclude>
    <ClInclude Include="..\CommInterface.h">
      <Filter>Header Files</Filter>
    </ClInclude>
    <ClInclude Include="..\UDPCommInterface.h">
      <Filter>Header Files</Filter>
    </ClInclude>
    <ClInclude Include="..\ProxyCommInterface.h">
      <Filter>Header Files</Filter>
    </ClInclude>
    <ClInclude Include="..\DTLSCommInterface.h">
      <Filter>Header Files</Filter>
    </ClInclude>
    <ClInclude Include="..\Dtls.h">
      <Filter>Header Files</Filter>
    </ClInclude>
    <ClInclude Include="..\DTLSConstants.h">
      <Filter>Header Files</Filter>
    </ClInclude>
    <ClInclude Include="..\PeerStatusCallbacks.h">
      <Filter>Header Files</Filter>
    </ClInclude>
  </ItemGroup>
</Project>