
Microsoft Visual Studio Solution File, Format Version 11.00
# Visual C++ Express 2010
Project("{8BC9CEB8-8B4A-11D0-8D11-00A0C91BC942}") = "UDPSender", "UDPSender.vcxproj", "{A7890A30-D20E-460C-A886-1DAC6966BFB3}"
EndProject
Project("{8BC9CEB8-8B4A-11D0-8D11-00A0C91BC942}") = "utillib", "..\..\..\..\util\cpp\win32\utillib.vcxproj", "{8B739421-E28C-4FC1-B6ED-26D635617F7B}"
EndProject
Project("{8BC9CEB8-8B4A-11D0-8D11-00A0C91BC942}") = "UDPReceiver", "UDPReceiver.vcxproj", "{CC91881D-530B-4E60-8016-36E1981EB58A}"
EndProject
Project("{8BC9CEB8-8B4A-11D0-8D11-00A0C91BC942}") = "MCastSender", "MCastSender.vcxproj", "{F1BCCCFF-F257-4C48-A669-FD2C4E9A2CE4}"
EndProject
Project("{8BC9CEB8-8B4A-11D0-8D11-00A0C91BC942}") = "MCastReceiver", "MCastReceiver.vcxproj", "{441567B2-AFF5-43A8-97BD-5DBAABC38078}"
EndProject
Global
	GlobalSection(SolutionConfigurationPlatforms) = preSolution
		Debug|Win32 = Debug|Win32
		Release|Win32 = Release|Win32
		Static Release|Win32 = Static Release|Win32
	EndGlobalSection
	GlobalSection(ProjectConfigurationPlatforms) = postSolution
		{A7890A30-D20E-460C-A886-1DAC6966BFB3}.Debug|Win32.ActiveCfg = Debug|Win32
		{A7890A30-D20E-460C-A886-1DAC6966BFB3}.Debug|Win32.Build.0 = Debug|Win32
		{A7890A30-D20E-460C-A886-1DAC6966BFB3}.Release|Win32.ActiveCfg = Release|Win32
		{A7890A30-D20E-460C-A886-1DAC6966BFB3}.Release|Win32.Build.0 = Release|Win32
		{A7890A30-D20E-460C-A886-1DAC6966BFB3}.Static Release|Win32.ActiveCfg = Static Release|Win32
		{A7890A30-D20E-460C-A886-1DAC6966BFB3}.Static Release|Win32.Build.0 = Static Release|Win32
		{8B739421-E28C-4FC1-B6ED-26D635617F7B}.Debug|Win32.ActiveCfg = Debug|Win32
		{8B739421-E28C-4FC1-B6ED-26D635617F7B}.Debug|Win32.Build.0 = Debug|Win32
		{8B739421-E28C-4FC1-B6ED-26D635617F7B}.Release|Win32.ActiveCfg = Release|Win32
		{8B739421-E28C-4FC1-B6ED-26D635617F7B}.Release|Win32.Build.0 = Release|Win32
		{8B739421-E28C-4FC1-B6ED-26D635617F7B}.Static Release|Win32.ActiveCfg = Static Release|Win32
		{8B739421-E28C-4FC1-B6ED-26D635617F7B}.Static Release|Win32.Build.0 = Static Release|Win32
		{CC91881D-530B-4E60-8016-36E1981EB58A}.Debug|Win32.ActiveCfg = Debug|Win32
		{CC91881D-530B-4E60-8016-36E1981EB58A}.Debug|Win32.Build.0 = Debug|Win32
		{CC91881D-530B-4E60-8016-36E1981EB58A}.Release|Win32.ActiveCfg = Release|Win32
		{CC91881D-530B-4E60-8016-36E1981EB58A}.Release|Win32.Build.0 = Release|Win32
		{CC91881D-530B-4E60-8016-36E1981EB58A}.Static Release|Win32.ActiveCfg = Static Release|Win32
		{CC91881D-530B-4E60-8016-36E1981EB58A}.Static Release|Win32.Build.0 = Static Release|Win32
		{F1BCCCFF-F257-4C48-A669-FD2C4E9A2CE4}.Debug|Win32.ActiveCfg = Debug|Win32
		{F1BCCCFF-F257-4C48-A669-FD2C4E9A2CE4}.Debug|Win32.Build.0 = Debug|Win32
		{F1BCCCFF-F257-4C48-A669-FD2C4E9A2CE4}.Release|Win32.ActiveCfg = Release|Win32
		{F1BCCCFF-F257-4C48-A669-FD2C4E9A2CE4}.Release|Win32.Build.0 = Release|Win32
		{F1BCCCFF-F257-4C48-A669-FD2C4E9A2CE4}.Static Release|Win32.ActiveCfg = Static Release|Win32
		{F1BCCCFF-F257-4C48-A669-FD2C4E9A2CE4}.Static Release|Win32.Build.0 = Static Release|Win32
		{441567B2-AFF5-43A8-97BD-5DBAABC38078}.Debug|Win32.ActiveCfg = Debug|Win32
		{441567B2-AFF5-43A8-97BD-5DBAABC38078}.Debug|Win32.Build.0 = Debug|Win32
		{441567B2-AFF5-43A8-97BD-5DBAABC38078}.Release|Win32.ActiveCfg = Release|Win32
		{441567B2-AFF5-43A8-97BD-5DBAABC38078}.Release|Win32.Build.0 = Release|Win32
		{441567B2-AFF5-43A8-97BD-5DBAABC38078}.Static Release|Win32.ActiveCfg = Static Release|Win32
		{441567B2-AFF5-43A8-97BD-5DBAABC38078}.Static Release|Win32.Build.0 = Static Release|Win32
	EndGlobalSection
	GlobalSection(SolutionProperties) = preSolution
		HideSolutionNode = FALSE
	EndGlobalSection
EndGlobal
